
Microsoft Visual Studio Solution File, Format Version 12.00
# Visual Studio Version 17
VisualStudioVersion = 17.8.34511.84
MinimumVisualStudioVersion = 10.0.40219.1
Project("{9A19103F-16F7-4668-BE54-9A1E7A4F7556}") = "HighPerformance", "HighPerformance\HighPerformance.csproj", "{517FE107-87E4-4871-8A03-CD300D0DE78D}"
EndProject
Project("{9A19103F-16F7-4668-BE54-9A1E7A4F7556}") = "LOHBenchmarking", "LOHBenchmarking\LOHBenchmarking.csproj", "{A66E7343-94B6-43B8-9154-A2330E33B897}"
EndProject
Project("{9A19103F-16F7-4668-BE54-9A1E7A4F7556}") = "POHBenchmarking", "POHBenchmarking\POHBenchmarking.csproj", "{4B02E2FA-683B-4155-ABF0-7B571E56AAC6}"
EndProject
Project("{9A19103F-16F7-4668-BE54-9A1E7A4F7556}") = "SpanMemoryReadOnlySpan", "SpanMemoryReadOnlySpan\SpanMemoryReadOnlySpan.csproj", "{6C125D04-C16A-4321-B8E1-5B37EBCEA00D}"
EndProject
Project("{9A19103F-16F7-4668-BE54-9A1E7A4F7556}") = "CLRBenchmarks", "CLRBenchmarks\CLRBenchmarks.csproj", "{1A09A8DD-5595-4979-821B-C723FC456119}"
EndProject
Project("{9A19103F-16F7-4668-BE54-9A1E7A4F7556}") = "VSProfilerNotOptimized", "VSProfilerNotOptimized\VSProfilerNotOptimized.csproj", "{A23BCE22-9D15-437C-929B-778A1BDACBA7}"
EndProject
Project("{9A19103F-16F7-4668-BE54-9A1E7A4F7556}") = "Collections", "Collections\Collections.csproj", "{9CC354F0-37C9-44E9-862D-A09424D10CAF}"
EndProject
Project("{9A19103F-16F7-4668-BE54-9A1E7A4F7556}") = "CustomCollections", "CustomCollections\CustomCollections.csproj", "{8ADC2D2E-1CEC-4956-949D-27239B1864A5}"
EndProject
Project("{9A19103F-16F7-4668-BE54-9A1E7A4F7556}") = "PoolingBenchmark", "PoolingBenchmark\PoolingBenchmark.csproj", "{220B5B73-49DB-4297-BE59-581FA9826C5E}"
EndProject
Project("{9A19103F-16F7-4668-BE54-9A1E7A4F7556}") = "LinqPerformance", "LinqPerformance\LinqPerformance.csproj", "{0D7BEA0B-FA31-44FC-ABA3-987AFF062253}"
EndProject
Project("{9A19103F-16F7-4668-BE54-9A1E7A4F7556}") = "LINQDefferedImmediate", "LINQDefferedImmediate\LINQDefferedImmediate.csproj", "{38D44B27-738B-4EAC-8508-F58175275734}"
EndProject
Project("{9A19103F-16F7-4668-BE54-9A1E7A4F7556}") = "LinqBestPractices", "LinqBestPractices\LinqBestPractices.csproj", "{8E11C48F-6664-4896-850C-F3C210EC5C5B}"
EndProject
Project("{9A19103F-16F7-4668-BE54-9A1E7A4F7556}") = "PLINQ", "PLINQ\PLINQ.csproj", "{1AFB6015-DA6B-41B7-8B7C-F98AFBC41371}"
EndProject
Project("{9A19103F-16F7-4668-BE54-9A1E7A4F7556}") = "LinqRewritingBenchmarks", "LinqRewritingBenchmarks\LinqRewritingBenchmarks.csproj", "{01A077BC-8BCC-4A22-86BA-27F0C5AE099B}"
EndProject
Project("{9A19103F-16F7-4668-BE54-9A1E7A4F7556}") = "ThreadPoolTuningBenchmark", "ThreadPoolTuningBenchmark\ThreadPoolTuningBenchmark.csproj", "{5C230D2F-49A3-4124-8693-5A43647E09F5}"
EndProject
Project("{9A19103F-16F7-4668-BE54-9A1E7A4F7556}") = "TaskFactoryAndCustomTaskScheduler", "TaskFactoryAndCustomTaskScheduler\TaskFactoryAndCustomTaskScheduler.csproj", "{61CD4FF8-5716-4A29-A450-45EA4CE9CEEB}"
EndProject
Project("{9A19103F-16F7-4668-BE54-9A1E7A4F7556}") = "TaskSchedulersDefaultVsCustom", "TaskSchedulersDefaultVsCustom\TaskSchedulersDefaultVsCustom.csproj", "{6A8B702A-7322-4074-AD9E-B8740758E7F3}"
EndProject
Project("{9A19103F-16F7-4668-BE54-9A1E7A4F7556}") = "AsynchronousPatterns", "AsynchronousPatterns\AsynchronousPatterns.csproj", "{0645DF77-2F74-4882-ADD3-14FAEF77A5CF}"
EndProject
Project("{9A19103F-16F7-4668-BE54-9A1E7A4F7556}") = "ThreadsAreMorePreferableThanTasks", "ThreadsAreMorePreferableThanTasks\ThreadsAreMorePreferableThanTasks.csproj", "{808F52E2-8976-4A54-A40D-24B015710BDD}"
EndProject
Project("{9A19103F-16F7-4668-BE54-9A1E7A4F7556}") = "TasksArePreferableOverThreads", "TasksArePreferableOverThreads\TasksArePreferableOverThreads.csproj", "{775F0385-DAA7-460D-B608-F3281C176321}"
EndProject
Project("{9A19103F-16F7-4668-BE54-9A1E7A4F7556}") = "ParallelLoopsAgainstOrdinaryLoops", "ParallelLoopsAgainstOrdinaryLoops\ParallelLoopsAgainstOrdinaryLoops.csproj", "{00C3DC8C-B8DB-4A40-BE73-E9BC64532DA1}"
EndProject
Project("{9A19103F-16F7-4668-BE54-9A1E7A4F7556}") = "ParallelMatrixMultiplierProject", "ParallelMatrixMultiplierProject\ParallelMatrixMultiplierProject.csproj", "{24C96065-EA6A-442A-AAE9-035F6AE97963}"
EndProject
Project("{9A19103F-16F7-4668-BE54-9A1E7A4F7556}") = "OptimizedMatrixMultiplierVsNonOptimizedMatrixMultiplier", "OptimizedMatrixMultiplierVsNonOptimizedMatrixMultiplier\OptimizedMatrixMultiplierVsNonOptimizedMatrixMultiplier.csproj", "{2758175A-F7DD-4D78-A232-D2D3636C4A72}"
EndProject
Project("{9A19103F-16F7-4668-BE54-9A1E7A4F7556}") = "FineTunedRXNETvsNotOptimizedRXNET", "FineTunedRXNETvsNotOptimizedRXNET\FineTunedRXNETvsNotOptimizedRXNET.csproj", "{53928A2E-E7EF-4E21-8326-BF7F710FC5BD}"
EndProject
Project("{9A19103F-16F7-4668-BE54-9A1E7A4F7556}") = "ConfigureAwaitFalse", "ConfigureAwaitFalse\ConfigureAwaitFalse.csproj", "{7CDDB483-4AC7-480C-8CC0-4C214431AFAD}"
EndProject
Project("{9A19103F-16F7-4668-BE54-9A1E7A4F7556}") = "ReadOnlyDictVsFrozenDict", "ReadOnlyDictVsFrozenDict\ReadOnlyDictVsFrozenDict.csproj", "{F6C76796-A74F-4258-BE43-27C65FAD2B5C}"
EndProject
Project("{9A19103F-16F7-4668-BE54-9A1E7A4F7556}") = "LogProcessor", "LogProcessor\LogProcessor.csproj", "{39D6D2C1-42A9-4D65-BF17-6B5972A78B33}"
EndProject
Project("{9A19103F-16F7-4668-BE54-9A1E7A4F7556}") = "ThreadSafetyComparison", "ThreadSafetyComparison\ThreadSafetyComparison.csproj", "{0604E14C-C77C-4247-957A-3E8726C78B82}"
EndProject
Project("{9A19103F-16F7-4668-BE54-9A1E7A4F7556}") = "ConcurrentTaskProcessing", "ConcurrentTaskProcessing\ConcurrentTaskProcessing.csproj", "{17DEEC79-1F4A-4F7D-A5C6-8A8D5DE2E554}"
EndProject
Project("{9A19103F-16F7-4668-BE54-9A1E7A4F7556}") = "LockFreeOverTraditionalLock", "LockFreeOverTraditionalLock\LockFreeOverTraditionalLock.csproj", "{6CE8265E-1378-44E0-ADFF-77BC5E6A72B6}"
EndProject
Project("{9A19103F-16F7-4668-BE54-9A1E7A4F7556}") = "PartitionedCollectionVsListT", "PartitionedCollectionVsListT\PartitionedCollectionVsListT.csproj", "{59685135-2BE7-4D52-8AA4-FB583BEFE085}"
EndProject
Project("{9A19103F-16F7-4668-BE54-9A1E7A4F7556}") = "PartitionedCollectionVsListTUpdated", "PartitionedCollectionVsListTUpdated\PartitionedCollectionVsListTUpdated.csproj", "{6268A850-00A8-4669-B99D-A2FFD002C845}"
EndProject
Project("{9A19103F-16F7-4668-BE54-9A1E7A4F7556}") = "ValueTaskVsTask", "ValueTaskVsTask\ValueTaskVsTask.csproj", "{2A72C0B4-3379-42B0-B864-DF5E9F2064D3}"
EndProject
Project("{9A19103F-16F7-4668-BE54-9A1E7A4F7556}") = "ImageProcessingPipeline", "ImageProcessingPipeline\ImageProcessingPipeline.csproj", "{7E7B4EF3-F769-4220-84CA-C954901061B3}"
EndProject
Project("{9A19103F-16F7-4668-BE54-9A1E7A4F7556}") = "BatchProcessingExample", "BatchProcessingExample\BatchProcessingExample.csproj", "{A3E44B48-71D0-47C7-AD9C-07F2A8D005AC}"
EndProject
Project("{9A19103F-16F7-4668-BE54-9A1E7A4F7556}") = "CpuBoundOptimized", "CpuBoundOptimized\CpuBoundOptimized.csproj", "{5E849EBC-3C4D-473C-86B5-7EBC2A1BFE7B}"
EndProject
Project("{9A19103F-16F7-4668-BE54-9A1E7A4F7556}") = "IoBoundOptimized", "IoBoundOptimized\IoBoundOptimized.csproj", "{57BB416C-5F05-4608-8ED7-BDF44E2E4E86}"
EndProject
Project("{9A19103F-16F7-4668-BE54-9A1E7A4F7556}") = "CUDAWithDotNET", "CUDAWithDotNET\CUDAWithDotNET.csproj", "{E8190FAC-CABF-4B29-B6E2-2529E8D5B701}"
EndProject
Project("{9A19103F-16F7-4668-BE54-9A1E7A4F7556}") = "MatrixMultiplicationComputeSharp", "MatrixMultiplicationComputeSharp\MatrixMultiplicationComputeSharp.csproj", "{81E2BE90-3232-4146-9CFF-9E9A78ED21B8}"
EndProject
Project("{9A19103F-16F7-4668-BE54-9A1E7A4F7556}") = "GPUImageProcessing", "GPUImageProcessing\GPUImageProcessing.csproj", "{8D54C86C-E735-4DBB-8C58-E53A6B936849}"
EndProject
Project("{9A19103F-16F7-4668-BE54-9A1E7A4F7556}") = "NativeCode", "NativeCode\NativeCode.csproj", "{6169AEFC-C3C3-446E-96B0-C4B7AE434F1F}"
EndProject
Project("{9A19103F-16F7-4668-BE54-9A1E7A4F7556}") = "UnsafeSpanTGraySacle", "UnsafeSpanTGraySacle\UnsafeSpanTGraySacle.csproj", "{24C023CE-4065-4F4E-9C7A-28B8884DED7B}"
EndProject
Project("{9A19103F-16F7-4668-BE54-9A1E7A4F7556}") = "HighPerformanceServer", "HighPerformanceServer\HighPerformanceServer.csproj", "{9A990BF2-4296-4ECC-8809-33CA441640D7}"
EndProject
Project("{9A19103F-16F7-4668-BE54-9A1E7A4F7556}") = "HighPerformanceClient", "HighPerformanceClient\HighPerformanceClient.csproj", "{A16F23B5-30B1-4A7A-9827-C49B88AAD8FE}"
EndProject
Project("{9A19103F-16F7-4668-BE54-9A1E7A4F7556}") = "UdpServer", "UdpServer\UdpServer.csproj", "{E615AE0D-484E-42EC-AE92-08E5D1B0A31E}"
EndProject
Project("{9A19103F-16F7-4668-BE54-9A1E7A4F7556}") = "UdpClientApp", "UdpClientApp\UdpClientApp.csproj", "{F0AD0D17-D626-4A81-B131-DA82C8712852}"
EndProject
Project("{9A19103F-16F7-4668-BE54-9A1E7A4F7556}") = "FileTransferServer", "FileTransferServer\FileTransferServer.csproj", "{A1F498C0-98E2-45A8-A3C5-79A5DCCD0129}"
EndProject
Project("{9A19103F-16F7-4668-BE54-9A1E7A4F7556}") = "FileTransferClient", "FileTransferClient\FileTransferClient.csproj", "{D35E76DD-1C20-4699-80C8-8E489CB4EDD1}"
EndProject
Project("{9A19103F-16F7-4668-BE54-9A1E7A4F7556}") = "RealTimeDataProcessing", "RealTimeDataProcessing\RealTimeDataProcessing.csproj", "{4729ABCD-55E3-49CA-840B-10ED6DEB88FB}"
EndProject
Project("{9A19103F-16F7-4668-BE54-9A1E7A4F7556}") = "FileTransferServerWithPause", "FileTransferServerWithPause\FileTransferServerWithPause.csproj", "{F18A536B-67DD-44D7-AD77-CCB6D5147E1F}"
EndProject
Project("{9A19103F-16F7-4668-BE54-9A1E7A4F7556}") = "FileTransferClientWithPause", "FileTransferClientWithPause\FileTransferClientWithPause.csproj", "{8F621C82-3E39-4BCE-A710-1906BBDB5133}"
EndProject
Project("{9A19103F-16F7-4668-BE54-9A1E7A4F7556}") = "ETWMonitoringDemo", "ETWMonitoringDemo\ETWMonitoringDemo.csproj", "{31168BEC-0624-411A-A73F-AF19FFA49A7C}"
EndProject
Project("{9A19103F-16F7-4668-BE54-9A1E7A4F7556}") = "EventCounters", "EventCounters\EventCounters.csproj", "{78BD8B86-298A-4094-8B20-91FAC6B9AC53}"
EndProject
Project("{9A19103F-16F7-4668-BE54-9A1E7A4F7556}") = "OpenTelemetryExample", "OpenTelemetryExample\OpenTelemetryExample.csproj", "{B3684F8D-A6C0-46EF-8777-C42550F4FC62}"
EndProject
Project("{9A19103F-16F7-4668-BE54-9A1E7A4F7556}") = "SignalRChat", "SignalRChat\SignalRChat.csproj", "{5161DA78-19FB-4F61-9097-42C6D8C1C32A}"
EndProject
Project("{9A19103F-16F7-4668-BE54-9A1E7A4F7556}") = "ChannelsRealTimeDataProcessing", "ChannelsRealTimeDataProcessing\ChannelsRealTimeDataProcessing.csproj", "{FC0C5DA8-1C3A-47F9-A498-9555BDC4376D}"
EndProject
Project("{9A19103F-16F7-4668-BE54-9A1E7A4F7556}") = "RSocketSample", "RSocketSample\RSocketSample.csproj", "{7342FD28-805F-4301-86F3-37999B1EF055}"
EndProject
Project("{9A19103F-16F7-4668-BE54-9A1E7A4F7556}") = "OrderProcessingServiceGRPC", "OrderProcessingServiceGRPC\OrderProcessingServiceGRPC.csproj", "{A295F6BD-82EA-452B-9D53-69B4FA3A29E1}"
EndProject
Project("{9A19103F-16F7-4668-BE54-9A1E7A4F7556}") = "OrderProcessingClientGRPC", "OrderProcessingClientGRPC\OrderProcessingClientGRPC.csproj", "{687357BB-B8D2-43CD-9EDA-646662A4799A}"
EndProject
Project("{9A19103F-16F7-4668-BE54-9A1E7A4F7556}") = "AvroDemo", "AvroDemo\AvroDemo.csproj", "{2D2C669A-34A0-468B-9E53-63D51F42B3BC}"
EndProject
Project("{FAE04EC0-301F-11D3-BF4B-00C04F79EFBC}") = "DirectExchangeDemoProducerRabbitMQ", "DirectExchangeDemoProducerRabbitMQ\DirectExchangeDemoProducerRabbitMQ.csproj", "{56B0CB56-F3FF-4C83-BF0D-20E3919D0588}"
EndProject
Project("{FAE04EC0-301F-11D3-BF4B-00C04F79EFBC}") = "DirectExchangeDemoConsumerRabbitMQ", "DirectExchangeDemoConsumerRabbitMQ\DirectExchangeDemoConsumerRabbitMQ.csproj", "{CD1DB3CC-BAA7-4AC8-81F8-1A762CE045EF}"
EndProject
Project("{FAE04EC0-301F-11D3-BF4B-00C04F79EFBC}") = "HeadersExchangeProducerDemo", "HeadersExchangeProducerDemo\HeadersExchangeProducerDemo.csproj", "{680C066E-6FF5-489F-8197-EB96D852422D}"
EndProject
Project("{FAE04EC0-301F-11D3-BF4B-00C04F79EFBC}") = "HeadersExchangeConsumerDemo", "HeadersExchangeConsumerDemo\HeadersExchangeConsumerDemo.csproj", "{D126E352-72F5-4F61-9AE0-09000D3C99F1}"
EndProject
Project("{FAE04EC0-301F-11D3-BF4B-00C04F79EFBC}") = "CountdownEvenVsTaskWhenAll", "CountdownEvenVsTaskWhenAll\CountdownEvenVsTaskWhenAll.csproj", "{15F116B7-4A5B-4FAD-B6D1-9717A018A62D}"
EndProject
Global
	GlobalSection(SolutionConfigurationPlatforms) = preSolution
		Debug|Any CPU = Debug|Any CPU
		Debug|x64 = Debug|x64
		Debug|x86 = Debug|x86
		Release|Any CPU = Release|Any CPU
		Release|x64 = Release|x64
		Release|x86 = Release|x86
	EndGlobalSection
	GlobalSection(ProjectConfigurationPlatforms) = postSolution
		{517FE107-87E4-4871-8A03-CD300D0DE78D}.Debug|Any CPU.ActiveCfg = Debug|Any CPU
		{517FE107-87E4-4871-8A03-CD300D0DE78D}.Debug|Any CPU.Build.0 = Debug|Any CPU
		{517FE107-87E4-4871-8A03-CD300D0DE78D}.Debug|x64.ActiveCfg = Debug|Any CPU
		{517FE107-87E4-4871-8A03-CD300D0DE78D}.Debug|x64.Build.0 = Debug|Any CPU
		{517FE107-87E4-4871-8A03-CD300D0DE78D}.Debug|x86.ActiveCfg = Debug|Any CPU
		{517FE107-87E4-4871-8A03-CD300D0DE78D}.Debug|x86.Build.0 = Debug|Any CPU
		{517FE107-87E4-4871-8A03-CD300D0DE78D}.Release|Any CPU.ActiveCfg = Release|Any CPU
		{517FE107-87E4-4871-8A03-CD300D0DE78D}.Release|Any CPU.Build.0 = Release|Any CPU
		{517FE107-87E4-4871-8A03-CD300D0DE78D}.Release|x64.ActiveCfg = Release|Any CPU
		{517FE107-87E4-4871-8A03-CD300D0DE78D}.Release|x64.Build.0 = Release|Any CPU
		{517FE107-87E4-4871-8A03-CD300D0DE78D}.Release|x86.ActiveCfg = Release|Any CPU
		{517FE107-87E4-4871-8A03-CD300D0DE78D}.Release|x86.Build.0 = Release|Any CPU
		{A66E7343-94B6-43B8-9154-A2330E33B897}.Debug|Any CPU.ActiveCfg = Debug|Any CPU
		{A66E7343-94B6-43B8-9154-A2330E33B897}.Debug|Any CPU.Build.0 = Debug|Any CPU
		{A66E7343-94B6-43B8-9154-A2330E33B897}.Debug|x64.ActiveCfg = Debug|Any CPU
		{A66E7343-94B6-43B8-9154-A2330E33B897}.Debug|x64.Build.0 = Debug|Any CPU
		{A66E7343-94B6-43B8-9154-A2330E33B897}.Debug|x86.ActiveCfg = Debug|Any CPU
		{A66E7343-94B6-43B8-9154-A2330E33B897}.Debug|x86.Build.0 = Debug|Any CPU
		{A66E7343-94B6-43B8-9154-A2330E33B897}.Release|Any CPU.ActiveCfg = Release|Any CPU
		{A66E7343-94B6-43B8-9154-A2330E33B897}.Release|Any CPU.Build.0 = Release|Any CPU
		{A66E7343-94B6-43B8-9154-A2330E33B897}.Release|x64.ActiveCfg = Release|Any CPU
		{A66E7343-94B6-43B8-9154-A2330E33B897}.Release|x64.Build.0 = Release|Any CPU
		{A66E7343-94B6-43B8-9154-A2330E33B897}.Release|x86.ActiveCfg = Release|Any CPU
		{A66E7343-94B6-43B8-9154-A2330E33B897}.Release|x86.Build.0 = Release|Any CPU
		{4B02E2FA-683B-4155-ABF0-7B571E56AAC6}.Debug|Any CPU.ActiveCfg = Debug|Any CPU
		{4B02E2FA-683B-4155-ABF0-7B571E56AAC6}.Debug|Any CPU.Build.0 = Debug|Any CPU
		{4B02E2FA-683B-4155-ABF0-7B571E56AAC6}.Debug|x64.ActiveCfg = Debug|Any CPU
		{4B02E2FA-683B-4155-ABF0-7B571E56AAC6}.Debug|x64.Build.0 = Debug|Any CPU
		{4B02E2FA-683B-4155-ABF0-7B571E56AAC6}.Debug|x86.ActiveCfg = Debug|Any CPU
		{4B02E2FA-683B-4155-ABF0-7B571E56AAC6}.Debug|x86.Build.0 = Debug|Any CPU
		{4B02E2FA-683B-4155-ABF0-7B571E56AAC6}.Release|Any CPU.ActiveCfg = Release|Any CPU
		{4B02E2FA-683B-4155-ABF0-7B571E56AAC6}.Release|Any CPU.Build.0 = Release|Any CPU
		{4B02E2FA-683B-4155-ABF0-7B571E56AAC6}.Release|x64.ActiveCfg = Release|Any CPU
		{4B02E2FA-683B-4155-ABF0-7B571E56AAC6}.Release|x64.Build.0 = Release|Any CPU
		{4B02E2FA-683B-4155-ABF0-7B571E56AAC6}.Release|x86.ActiveCfg = Release|Any CPU
		{4B02E2FA-683B-4155-ABF0-7B571E56AAC6}.Release|x86.Build.0 = Release|Any CPU
		{6C125D04-C16A-4321-B8E1-5B37EBCEA00D}.Debug|Any CPU.ActiveCfg = Debug|Any CPU
		{6C125D04-C16A-4321-B8E1-5B37EBCEA00D}.Debug|Any CPU.Build.0 = Debug|Any CPU
		{6C125D04-C16A-4321-B8E1-5B37EBCEA00D}.Debug|x64.ActiveCfg = Debug|Any CPU
		{6C125D04-C16A-4321-B8E1-5B37EBCEA00D}.Debug|x64.Build.0 = Debug|Any CPU
		{6C125D04-C16A-4321-B8E1-5B37EBCEA00D}.Debug|x86.ActiveCfg = Debug|Any CPU
		{6C125D04-C16A-4321-B8E1-5B37EBCEA00D}.Debug|x86.Build.0 = Debug|Any CPU
		{6C125D04-C16A-4321-B8E1-5B37EBCEA00D}.Release|Any CPU.ActiveCfg = Release|Any CPU
		{6C125D04-C16A-4321-B8E1-5B37EBCEA00D}.Release|Any CPU.Build.0 = Release|Any CPU
		{6C125D04-C16A-4321-B8E1-5B37EBCEA00D}.Release|x64.ActiveCfg = Release|Any CPU
		{6C125D04-C16A-4321-B8E1-5B37EBCEA00D}.Release|x64.Build.0 = Release|Any CPU
		{6C125D04-C16A-4321-B8E1-5B37EBCEA00D}.Release|x86.ActiveCfg = Release|Any CPU
		{6C125D04-C16A-4321-B8E1-5B37EBCEA00D}.Release|x86.Build.0 = Release|Any CPU
		{1A09A8DD-5595-4979-821B-C723FC456119}.Debug|Any CPU.ActiveCfg = Debug|Any CPU
		{1A09A8DD-5595-4979-821B-C723FC456119}.Debug|Any CPU.Build.0 = Debug|Any CPU
		{1A09A8DD-5595-4979-821B-C723FC456119}.Debug|x64.ActiveCfg = Debug|Any CPU
		{1A09A8DD-5595-4979-821B-C723FC456119}.Debug|x64.Build.0 = Debug|Any CPU
		{1A09A8DD-5595-4979-821B-C723FC456119}.Debug|x86.ActiveCfg = Debug|Any CPU
		{1A09A8DD-5595-4979-821B-C723FC456119}.Debug|x86.Build.0 = Debug|Any CPU
		{1A09A8DD-5595-4979-821B-C723FC456119}.Release|Any CPU.ActiveCfg = Release|Any CPU
		{1A09A8DD-5595-4979-821B-C723FC456119}.Release|Any CPU.Build.0 = Release|Any CPU
		{1A09A8DD-5595-4979-821B-C723FC456119}.Release|x64.ActiveCfg = Release|Any CPU
		{1A09A8DD-5595-4979-821B-C723FC456119}.Release|x64.Build.0 = Release|Any CPU
		{1A09A8DD-5595-4979-821B-C723FC456119}.Release|x86.ActiveCfg = Release|Any CPU
		{1A09A8DD-5595-4979-821B-C723FC456119}.Release|x86.Build.0 = Release|Any CPU
		{A23BCE22-9D15-437C-929B-778A1BDACBA7}.Debug|Any CPU.ActiveCfg = Debug|Any CPU
		{A23BCE22-9D15-437C-929B-778A1BDACBA7}.Debug|Any CPU.Build.0 = Debug|Any CPU
		{A23BCE22-9D15-437C-929B-778A1BDACBA7}.Debug|x64.ActiveCfg = Debug|Any CPU
		{A23BCE22-9D15-437C-929B-778A1BDACBA7}.Debug|x64.Build.0 = Debug|Any CPU
		{A23BCE22-9D15-437C-929B-778A1BDACBA7}.Debug|x86.ActiveCfg = Debug|Any CPU
		{A23BCE22-9D15-437C-929B-778A1BDACBA7}.Debug|x86.Build.0 = Debug|Any CPU
		{A23BCE22-9D15-437C-929B-778A1BDACBA7}.Release|Any CPU.ActiveCfg = Release|Any CPU
		{A23BCE22-9D15-437C-929B-778A1BDACBA7}.Release|Any CPU.Build.0 = Release|Any CPU
		{A23BCE22-9D15-437C-929B-778A1BDACBA7}.Release|x64.ActiveCfg = Release|Any CPU
		{A23BCE22-9D15-437C-929B-778A1BDACBA7}.Release|x64.Build.0 = Release|Any CPU
		{A23BCE22-9D15-437C-929B-778A1BDACBA7}.Release|x86.ActiveCfg = Release|Any CPU
		{A23BCE22-9D15-437C-929B-778A1BDACBA7}.Release|x86.Build.0 = Release|Any CPU
		{9CC354F0-37C9-44E9-862D-A09424D10CAF}.Debug|Any CPU.ActiveCfg = Debug|Any CPU
		{9CC354F0-37C9-44E9-862D-A09424D10CAF}.Debug|Any CPU.Build.0 = Debug|Any CPU
		{9CC354F0-37C9-44E9-862D-A09424D10CAF}.Debug|x64.ActiveCfg = Debug|Any CPU
		{9CC354F0-37C9-44E9-862D-A09424D10CAF}.Debug|x64.Build.0 = Debug|Any CPU
		{9CC354F0-37C9-44E9-862D-A09424D10CAF}.Debug|x86.ActiveCfg = Debug|Any CPU
		{9CC354F0-37C9-44E9-862D-A09424D10CAF}.Debug|x86.Build.0 = Debug|Any CPU
		{9CC354F0-37C9-44E9-862D-A09424D10CAF}.Release|Any CPU.ActiveCfg = Release|Any CPU
		{9CC354F0-37C9-44E9-862D-A09424D10CAF}.Release|Any CPU.Build.0 = Release|Any CPU
		{9CC354F0-37C9-44E9-862D-A09424D10CAF}.Release|x64.ActiveCfg = Release|Any CPU
		{9CC354F0-37C9-44E9-862D-A09424D10CAF}.Release|x64.Build.0 = Release|Any CPU
		{9CC354F0-37C9-44E9-862D-A09424D10CAF}.Release|x86.ActiveCfg = Release|Any CPU
		{9CC354F0-37C9-44E9-862D-A09424D10CAF}.Release|x86.Build.0 = Release|Any CPU
		{8ADC2D2E-1CEC-4956-949D-27239B1864A5}.Debug|Any CPU.ActiveCfg = Debug|Any CPU
		{8ADC2D2E-1CEC-4956-949D-27239B1864A5}.Debug|Any CPU.Build.0 = Debug|Any CPU
		{8ADC2D2E-1CEC-4956-949D-27239B1864A5}.Debug|x64.ActiveCfg = Debug|Any CPU
		{8ADC2D2E-1CEC-4956-949D-27239B1864A5}.Debug|x64.Build.0 = Debug|Any CPU
		{8ADC2D2E-1CEC-4956-949D-27239B1864A5}.Debug|x86.ActiveCfg = Debug|Any CPU
		{8ADC2D2E-1CEC-4956-949D-27239B1864A5}.Debug|x86.Build.0 = Debug|Any CPU
		{8ADC2D2E-1CEC-4956-949D-27239B1864A5}.Release|Any CPU.ActiveCfg = Release|Any CPU
		{8ADC2D2E-1CEC-4956-949D-27239B1864A5}.Release|Any CPU.Build.0 = Release|Any CPU
		{8ADC2D2E-1CEC-4956-949D-27239B1864A5}.Release|x64.ActiveCfg = Release|Any CPU
		{8ADC2D2E-1CEC-4956-949D-27239B1864A5}.Release|x64.Build.0 = Release|Any CPU
		{8ADC2D2E-1CEC-4956-949D-27239B1864A5}.Release|x86.ActiveCfg = Release|Any CPU
		{8ADC2D2E-1CEC-4956-949D-27239B1864A5}.Release|x86.Build.0 = Release|Any CPU
		{220B5B73-49DB-4297-BE59-581FA9826C5E}.Debug|Any CPU.ActiveCfg = Debug|Any CPU
		{220B5B73-49DB-4297-BE59-581FA9826C5E}.Debug|Any CPU.Build.0 = Debug|Any CPU
		{220B5B73-49DB-4297-BE59-581FA9826C5E}.Debug|x64.ActiveCfg = Debug|Any CPU
		{220B5B73-49DB-4297-BE59-581FA9826C5E}.Debug|x64.Build.0 = Debug|Any CPU
		{220B5B73-49DB-4297-BE59-581FA9826C5E}.Debug|x86.ActiveCfg = Debug|Any CPU
		{220B5B73-49DB-4297-BE59-581FA9826C5E}.Debug|x86.Build.0 = Debug|Any CPU
		{220B5B73-49DB-4297-BE59-581FA9826C5E}.Release|Any CPU.ActiveCfg = Release|Any CPU
		{220B5B73-49DB-4297-BE59-581FA9826C5E}.Release|Any CPU.Build.0 = Release|Any CPU
		{220B5B73-49DB-4297-BE59-581FA9826C5E}.Release|x64.ActiveCfg = Release|Any CPU
		{220B5B73-49DB-4297-BE59-581FA9826C5E}.Release|x64.Build.0 = Release|Any CPU
		{220B5B73-49DB-4297-BE59-581FA9826C5E}.Release|x86.ActiveCfg = Release|Any CPU
		{220B5B73-49DB-4297-BE59-581FA9826C5E}.Release|x86.Build.0 = Release|Any CPU
		{0D7BEA0B-FA31-44FC-ABA3-987AFF062253}.Debug|Any CPU.ActiveCfg = Debug|Any CPU
		{0D7BEA0B-FA31-44FC-ABA3-987AFF062253}.Debug|Any CPU.Build.0 = Debug|Any CPU
		{0D7BEA0B-FA31-44FC-ABA3-987AFF062253}.Debug|x64.ActiveCfg = Debug|Any CPU
		{0D7BEA0B-FA31-44FC-ABA3-987AFF062253}.Debug|x64.Build.0 = Debug|Any CPU
		{0D7BEA0B-FA31-44FC-ABA3-987AFF062253}.Debug|x86.ActiveCfg = Debug|Any CPU
		{0D7BEA0B-FA31-44FC-ABA3-987AFF062253}.Debug|x86.Build.0 = Debug|Any CPU
		{0D7BEA0B-FA31-44FC-ABA3-987AFF062253}.Release|Any CPU.ActiveCfg = Release|Any CPU
		{0D7BEA0B-FA31-44FC-ABA3-987AFF062253}.Release|Any CPU.Build.0 = Release|Any CPU
		{0D7BEA0B-FA31-44FC-ABA3-987AFF062253}.Release|x64.ActiveCfg = Release|Any CPU
		{0D7BEA0B-FA31-44FC-ABA3-987AFF062253}.Release|x64.Build.0 = Release|Any CPU
		{0D7BEA0B-FA31-44FC-ABA3-987AFF062253}.Release|x86.ActiveCfg = Release|Any CPU
		{0D7BEA0B-FA31-44FC-ABA3-987AFF062253}.Release|x86.Build.0 = Release|Any CPU
		{38D44B27-738B-4EAC-8508-F58175275734}.Debug|Any CPU.ActiveCfg = Debug|Any CPU
		{38D44B27-738B-4EAC-8508-F58175275734}.Debug|Any CPU.Build.0 = Debug|Any CPU
		{38D44B27-738B-4EAC-8508-F58175275734}.Debug|x64.ActiveCfg = Debug|Any CPU
		{38D44B27-738B-4EAC-8508-F58175275734}.Debug|x64.Build.0 = Debug|Any CPU
		{38D44B27-738B-4EAC-8508-F58175275734}.Debug|x86.ActiveCfg = Debug|Any CPU
		{38D44B27-738B-4EAC-8508-F58175275734}.Debug|x86.Build.0 = Debug|Any CPU
		{38D44B27-738B-4EAC-8508-F58175275734}.Release|Any CPU.ActiveCfg = Release|Any CPU
		{38D44B27-738B-4EAC-8508-F58175275734}.Release|Any CPU.Build.0 = Release|Any CPU
		{38D44B27-738B-4EAC-8508-F58175275734}.Release|x64.ActiveCfg = Release|Any CPU
		{38D44B27-738B-4EAC-8508-F58175275734}.Release|x64.Build.0 = Release|Any CPU
		{38D44B27-738B-4EAC-8508-F58175275734}.Release|x86.ActiveCfg = Release|Any CPU
		{38D44B27-738B-4EAC-8508-F58175275734}.Release|x86.Build.0 = Release|Any CPU
		{8E11C48F-6664-4896-850C-F3C210EC5C5B}.Debug|Any CPU.ActiveCfg = Debug|Any CPU
		{8E11C48F-6664-4896-850C-F3C210EC5C5B}.Debug|Any CPU.Build.0 = Debug|Any CPU
		{8E11C48F-6664-4896-850C-F3C210EC5C5B}.Debug|x64.ActiveCfg = Debug|Any CPU
		{8E11C48F-6664-4896-850C-F3C210EC5C5B}.Debug|x64.Build.0 = Debug|Any CPU
		{8E11C48F-6664-4896-850C-F3C210EC5C5B}.Debug|x86.ActiveCfg = Debug|Any CPU
		{8E11C48F-6664-4896-850C-F3C210EC5C5B}.Debug|x86.Build.0 = Debug|Any CPU
		{8E11C48F-6664-4896-850C-F3C210EC5C5B}.Release|Any CPU.ActiveCfg = Release|Any CPU
		{8E11C48F-6664-4896-850C-F3C210EC5C5B}.Release|Any CPU.Build.0 = Release|Any CPU
		{8E11C48F-6664-4896-850C-F3C210EC5C5B}.Release|x64.ActiveCfg = Release|Any CPU
		{8E11C48F-6664-4896-850C-F3C210EC5C5B}.Release|x64.Build.0 = Release|Any CPU
		{8E11C48F-6664-4896-850C-F3C210EC5C5B}.Release|x86.ActiveCfg = Release|Any CPU
		{8E11C48F-6664-4896-850C-F3C210EC5C5B}.Release|x86.Build.0 = Release|Any CPU
		{1AFB6015-DA6B-41B7-8B7C-F98AFBC41371}.Debug|Any CPU.ActiveCfg = Debug|Any CPU
		{1AFB6015-DA6B-41B7-8B7C-F98AFBC41371}.Debug|Any CPU.Build.0 = Debug|Any CPU
		{1AFB6015-DA6B-41B7-8B7C-F98AFBC41371}.Debug|x64.ActiveCfg = Debug|Any CPU
		{1AFB6015-DA6B-41B7-8B7C-F98AFBC41371}.Debug|x64.Build.0 = Debug|Any CPU
		{1AFB6015-DA6B-41B7-8B7C-F98AFBC41371}.Debug|x86.ActiveCfg = Debug|Any CPU
		{1AFB6015-DA6B-41B7-8B7C-F98AFBC41371}.Debug|x86.Build.0 = Debug|Any CPU
		{1AFB6015-DA6B-41B7-8B7C-F98AFBC41371}.Release|Any CPU.ActiveCfg = Release|Any CPU
		{1AFB6015-DA6B-41B7-8B7C-F98AFBC41371}.Release|Any CPU.Build.0 = Release|Any CPU
		{1AFB6015-DA6B-41B7-8B7C-F98AFBC41371}.Release|x64.ActiveCfg = Release|Any CPU
		{1AFB6015-DA6B-41B7-8B7C-F98AFBC41371}.Release|x64.Build.0 = Release|Any CPU
		{1AFB6015-DA6B-41B7-8B7C-F98AFBC41371}.Release|x86.ActiveCfg = Release|Any CPU
		{1AFB6015-DA6B-41B7-8B7C-F98AFBC41371}.Release|x86.Build.0 = Release|Any CPU
		{01A077BC-8BCC-4A22-86BA-27F0C5AE099B}.Debug|Any CPU.ActiveCfg = Debug|Any CPU
		{01A077BC-8BCC-4A22-86BA-27F0C5AE099B}.Debug|Any CPU.Build.0 = Debug|Any CPU
		{01A077BC-8BCC-4A22-86BA-27F0C5AE099B}.Debug|x64.ActiveCfg = Debug|Any CPU
		{01A077BC-8BCC-4A22-86BA-27F0C5AE099B}.Debug|x64.Build.0 = Debug|Any CPU
		{01A077BC-8BCC-4A22-86BA-27F0C5AE099B}.Debug|x86.ActiveCfg = Debug|Any CPU
		{01A077BC-8BCC-4A22-86BA-27F0C5AE099B}.Debug|x86.Build.0 = Debug|Any CPU
		{01A077BC-8BCC-4A22-86BA-27F0C5AE099B}.Release|Any CPU.ActiveCfg = Release|Any CPU
		{01A077BC-8BCC-4A22-86BA-27F0C5AE099B}.Release|Any CPU.Build.0 = Release|Any CPU
		{01A077BC-8BCC-4A22-86BA-27F0C5AE099B}.Release|x64.ActiveCfg = Release|Any CPU
		{01A077BC-8BCC-4A22-86BA-27F0C5AE099B}.Release|x64.Build.0 = Release|Any CPU
		{01A077BC-8BCC-4A22-86BA-27F0C5AE099B}.Release|x86.ActiveCfg = Release|Any CPU
		{01A077BC-8BCC-4A22-86BA-27F0C5AE099B}.Release|x86.Build.0 = Release|Any CPU
		{5C230D2F-49A3-4124-8693-5A43647E09F5}.Debug|Any CPU.ActiveCfg = Debug|Any CPU
		{5C230D2F-49A3-4124-8693-5A43647E09F5}.Debug|Any CPU.Build.0 = Debug|Any CPU
		{5C230D2F-49A3-4124-8693-5A43647E09F5}.Debug|x64.ActiveCfg = Debug|Any CPU
		{5C230D2F-49A3-4124-8693-5A43647E09F5}.Debug|x64.Build.0 = Debug|Any CPU
		{5C230D2F-49A3-4124-8693-5A43647E09F5}.Debug|x86.ActiveCfg = Debug|Any CPU
		{5C230D2F-49A3-4124-8693-5A43647E09F5}.Debug|x86.Build.0 = Debug|Any CPU
		{5C230D2F-49A3-4124-8693-5A43647E09F5}.Release|Any CPU.ActiveCfg = Release|Any CPU
		{5C230D2F-49A3-4124-8693-5A43647E09F5}.Release|Any CPU.Build.0 = Release|Any CPU
		{5C230D2F-49A3-4124-8693-5A43647E09F5}.Release|x64.ActiveCfg = Release|Any CPU
		{5C230D2F-49A3-4124-8693-5A43647E09F5}.Release|x64.Build.0 = Release|Any CPU
		{5C230D2F-49A3-4124-8693-5A43647E09F5}.Release|x86.ActiveCfg = Release|Any CPU
		{5C230D2F-49A3-4124-8693-5A43647E09F5}.Release|x86.Build.0 = Release|Any CPU
		{61CD4FF8-5716-4A29-A450-45EA4CE9CEEB}.Debug|Any CPU.ActiveCfg = Debug|Any CPU
		{61CD4FF8-5716-4A29-A450-45EA4CE9CEEB}.Debug|Any CPU.Build.0 = Debug|Any CPU
		{61CD4FF8-5716-4A29-A450-45EA4CE9CEEB}.Debug|x64.ActiveCfg = Debug|Any CPU
		{61CD4FF8-5716-4A29-A450-45EA4CE9CEEB}.Debug|x64.Build.0 = Debug|Any CPU
		{61CD4FF8-5716-4A29-A450-45EA4CE9CEEB}.Debug|x86.ActiveCfg = Debug|Any CPU
		{61CD4FF8-5716-4A29-A450-45EA4CE9CEEB}.Debug|x86.Build.0 = Debug|Any CPU
		{61CD4FF8-5716-4A29-A450-45EA4CE9CEEB}.Release|Any CPU.ActiveCfg = Release|Any CPU
		{61CD4FF8-5716-4A29-A450-45EA4CE9CEEB}.Release|Any CPU.Build.0 = Release|Any CPU
		{61CD4FF8-5716-4A29-A450-45EA4CE9CEEB}.Release|x64.ActiveCfg = Release|Any CPU
		{61CD4FF8-5716-4A29-A450-45EA4CE9CEEB}.Release|x64.Build.0 = Release|Any CPU
		{61CD4FF8-5716-4A29-A450-45EA4CE9CEEB}.Release|x86.ActiveCfg = Release|Any CPU
		{61CD4FF8-5716-4A29-A450-45EA4CE9CEEB}.Release|x86.Build.0 = Release|Any CPU
		{6A8B702A-7322-4074-AD9E-B8740758E7F3}.Debug|Any CPU.ActiveCfg = Debug|Any CPU
		{6A8B702A-7322-4074-AD9E-B8740758E7F3}.Debug|Any CPU.Build.0 = Debug|Any CPU
		{6A8B702A-7322-4074-AD9E-B8740758E7F3}.Debug|x64.ActiveCfg = Debug|Any CPU
		{6A8B702A-7322-4074-AD9E-B8740758E7F3}.Debug|x64.Build.0 = Debug|Any CPU
		{6A8B702A-7322-4074-AD9E-B8740758E7F3}.Debug|x86.ActiveCfg = Debug|Any CPU
		{6A8B702A-7322-4074-AD9E-B8740758E7F3}.Debug|x86.Build.0 = Debug|Any CPU
		{6A8B702A-7322-4074-AD9E-B8740758E7F3}.Release|Any CPU.ActiveCfg = Release|Any CPU
		{6A8B702A-7322-4074-AD9E-B8740758E7F3}.Release|Any CPU.Build.0 = Release|Any CPU
		{6A8B702A-7322-4074-AD9E-B8740758E7F3}.Release|x64.ActiveCfg = Release|Any CPU
		{6A8B702A-7322-4074-AD9E-B8740758E7F3}.Release|x64.Build.0 = Release|Any CPU
		{6A8B702A-7322-4074-AD9E-B8740758E7F3}.Release|x86.ActiveCfg = Release|Any CPU
		{6A8B702A-7322-4074-AD9E-B8740758E7F3}.Release|x86.Build.0 = Release|Any CPU
		{0645DF77-2F74-4882-ADD3-14FAEF77A5CF}.Debug|Any CPU.ActiveCfg = Debug|Any CPU
		{0645DF77-2F74-4882-ADD3-14FAEF77A5CF}.Debug|Any CPU.Build.0 = Debug|Any CPU
		{0645DF77-2F74-4882-ADD3-14FAEF77A5CF}.Debug|x64.ActiveCfg = Debug|Any CPU
		{0645DF77-2F74-4882-ADD3-14FAEF77A5CF}.Debug|x64.Build.0 = Debug|Any CPU
		{0645DF77-2F74-4882-ADD3-14FAEF77A5CF}.Debug|x86.ActiveCfg = Debug|Any CPU
		{0645DF77-2F74-4882-ADD3-14FAEF77A5CF}.Debug|x86.Build.0 = Debug|Any CPU
		{0645DF77-2F74-4882-ADD3-14FAEF77A5CF}.Release|Any CPU.ActiveCfg = Release|Any CPU
		{0645DF77-2F74-4882-ADD3-14FAEF77A5CF}.Release|Any CPU.Build.0 = Release|Any CPU
		{0645DF77-2F74-4882-ADD3-14FAEF77A5CF}.Release|x64.ActiveCfg = Release|Any CPU
		{0645DF77-2F74-4882-ADD3-14FAEF77A5CF}.Release|x64.Build.0 = Release|Any CPU
		{0645DF77-2F74-4882-ADD3-14FAEF77A5CF}.Release|x86.ActiveCfg = Release|Any CPU
		{0645DF77-2F74-4882-ADD3-14FAEF77A5CF}.Release|x86.Build.0 = Release|Any CPU
		{808F52E2-8976-4A54-A40D-24B015710BDD}.Debug|Any CPU.ActiveCfg = Debug|Any CPU
		{808F52E2-8976-4A54-A40D-24B015710BDD}.Debug|Any CPU.Build.0 = Debug|Any CPU
		{808F52E2-8976-4A54-A40D-24B015710BDD}.Debug|x64.ActiveCfg = Debug|Any CPU
		{808F52E2-8976-4A54-A40D-24B015710BDD}.Debug|x64.Build.0 = Debug|Any CPU
		{808F52E2-8976-4A54-A40D-24B015710BDD}.Debug|x86.ActiveCfg = Debug|Any CPU
		{808F52E2-8976-4A54-A40D-24B015710BDD}.Debug|x86.Build.0 = Debug|Any CPU
		{808F52E2-8976-4A54-A40D-24B015710BDD}.Release|Any CPU.ActiveCfg = Release|Any CPU
		{808F52E2-8976-4A54-A40D-24B015710BDD}.Release|Any CPU.Build.0 = Release|Any CPU
		{808F52E2-8976-4A54-A40D-24B015710BDD}.Release|x64.ActiveCfg = Release|Any CPU
		{808F52E2-8976-4A54-A40D-24B015710BDD}.Release|x64.Build.0 = Release|Any CPU
		{808F52E2-8976-4A54-A40D-24B015710BDD}.Release|x86.ActiveCfg = Release|Any CPU
		{808F52E2-8976-4A54-A40D-24B015710BDD}.Release|x86.Build.0 = Release|Any CPU
		{775F0385-DAA7-460D-B608-F3281C176321}.Debug|Any CPU.ActiveCfg = Debug|Any CPU
		{775F0385-DAA7-460D-B608-F3281C176321}.Debug|Any CPU.Build.0 = Debug|Any CPU
		{775F0385-DAA7-460D-B608-F3281C176321}.Debug|x64.ActiveCfg = Debug|Any CPU
		{775F0385-DAA7-460D-B608-F3281C176321}.Debug|x64.Build.0 = Debug|Any CPU
		{775F0385-DAA7-460D-B608-F3281C176321}.Debug|x86.ActiveCfg = Debug|Any CPU
		{775F0385-DAA7-460D-B608-F3281C176321}.Debug|x86.Build.0 = Debug|Any CPU
		{775F0385-DAA7-460D-B608-F3281C176321}.Release|Any CPU.ActiveCfg = Release|Any CPU
		{775F0385-DAA7-460D-B608-F3281C176321}.Release|Any CPU.Build.0 = Release|Any CPU
		{775F0385-DAA7-460D-B608-F3281C176321}.Release|x64.ActiveCfg = Release|Any CPU
		{775F0385-DAA7-460D-B608-F3281C176321}.Release|x64.Build.0 = Release|Any CPU
		{775F0385-DAA7-460D-B608-F3281C176321}.Release|x86.ActiveCfg = Release|Any CPU
		{775F0385-DAA7-460D-B608-F3281C176321}.Release|x86.Build.0 = Release|Any CPU
		{00C3DC8C-B8DB-4A40-BE73-E9BC64532DA1}.Debug|Any CPU.ActiveCfg = Debug|Any CPU
		{00C3DC8C-B8DB-4A40-BE73-E9BC64532DA1}.Debug|Any CPU.Build.0 = Debug|Any CPU
		{00C3DC8C-B8DB-4A40-BE73-E9BC64532DA1}.Debug|x64.ActiveCfg = Debug|Any CPU
		{00C3DC8C-B8DB-4A40-BE73-E9BC64532DA1}.Debug|x64.Build.0 = Debug|Any CPU
		{00C3DC8C-B8DB-4A40-BE73-E9BC64532DA1}.Debug|x86.ActiveCfg = Debug|Any CPU
		{00C3DC8C-B8DB-4A40-BE73-E9BC64532DA1}.Debug|x86.Build.0 = Debug|Any CPU
		{00C3DC8C-B8DB-4A40-BE73-E9BC64532DA1}.Release|Any CPU.ActiveCfg = Release|Any CPU
		{00C3DC8C-B8DB-4A40-BE73-E9BC64532DA1}.Release|Any CPU.Build.0 = Release|Any CPU
		{00C3DC8C-B8DB-4A40-BE73-E9BC64532DA1}.Release|x64.ActiveCfg = Release|Any CPU
		{00C3DC8C-B8DB-4A40-BE73-E9BC64532DA1}.Release|x64.Build.0 = Release|Any CPU
		{00C3DC8C-B8DB-4A40-BE73-E9BC64532DA1}.Release|x86.ActiveCfg = Release|Any CPU
		{00C3DC8C-B8DB-4A40-BE73-E9BC64532DA1}.Release|x86.Build.0 = Release|Any CPU
		{24C96065-EA6A-442A-AAE9-035F6AE97963}.Debug|Any CPU.ActiveCfg = Debug|Any CPU
		{24C96065-EA6A-442A-AAE9-035F6AE97963}.Debug|Any CPU.Build.0 = Debug|Any CPU
		{24C96065-EA6A-442A-AAE9-035F6AE97963}.Debug|x64.ActiveCfg = Debug|Any CPU
		{24C96065-EA6A-442A-AAE9-035F6AE97963}.Debug|x64.Build.0 = Debug|Any CPU
		{24C96065-EA6A-442A-AAE9-035F6AE97963}.Debug|x86.ActiveCfg = Debug|Any CPU
		{24C96065-EA6A-442A-AAE9-035F6AE97963}.Debug|x86.Build.0 = Debug|Any CPU
		{24C96065-EA6A-442A-AAE9-035F6AE97963}.Release|Any CPU.ActiveCfg = Release|Any CPU
		{24C96065-EA6A-442A-AAE9-035F6AE97963}.Release|Any CPU.Build.0 = Release|Any CPU
		{24C96065-EA6A-442A-AAE9-035F6AE97963}.Release|x64.ActiveCfg = Release|Any CPU
		{24C96065-EA6A-442A-AAE9-035F6AE97963}.Release|x64.Build.0 = Release|Any CPU
		{24C96065-EA6A-442A-AAE9-035F6AE97963}.Release|x86.ActiveCfg = Release|Any CPU
		{24C96065-EA6A-442A-AAE9-035F6AE97963}.Release|x86.Build.0 = Release|Any CPU
		{2758175A-F7DD-4D78-A232-D2D3636C4A72}.Debug|Any CPU.ActiveCfg = Debug|Any CPU
		{2758175A-F7DD-4D78-A232-D2D3636C4A72}.Debug|Any CPU.Build.0 = Debug|Any CPU
		{2758175A-F7DD-4D78-A232-D2D3636C4A72}.Debug|x64.ActiveCfg = Debug|Any CPU
		{2758175A-F7DD-4D78-A232-D2D3636C4A72}.Debug|x64.Build.0 = Debug|Any CPU
		{2758175A-F7DD-4D78-A232-D2D3636C4A72}.Debug|x86.ActiveCfg = Debug|Any CPU
		{2758175A-F7DD-4D78-A232-D2D3636C4A72}.Debug|x86.Build.0 = Debug|Any CPU
		{2758175A-F7DD-4D78-A232-D2D3636C4A72}.Release|Any CPU.ActiveCfg = Release|Any CPU
		{2758175A-F7DD-4D78-A232-D2D3636C4A72}.Release|Any CPU.Build.0 = Release|Any CPU
		{2758175A-F7DD-4D78-A232-D2D3636C4A72}.Release|x64.ActiveCfg = Release|Any CPU
		{2758175A-F7DD-4D78-A232-D2D3636C4A72}.Release|x64.Build.0 = Release|Any CPU
		{2758175A-F7DD-4D78-A232-D2D3636C4A72}.Release|x86.ActiveCfg = Release|Any CPU
		{2758175A-F7DD-4D78-A232-D2D3636C4A72}.Release|x86.Build.0 = Release|Any CPU
		{53928A2E-E7EF-4E21-8326-BF7F710FC5BD}.Debug|Any CPU.ActiveCfg = Debug|Any CPU
		{53928A2E-E7EF-4E21-8326-BF7F710FC5BD}.Debug|Any CPU.Build.0 = Debug|Any CPU
		{53928A2E-E7EF-4E21-8326-BF7F710FC5BD}.Debug|x64.ActiveCfg = Debug|Any CPU
		{53928A2E-E7EF-4E21-8326-BF7F710FC5BD}.Debug|x64.Build.0 = Debug|Any CPU
		{53928A2E-E7EF-4E21-8326-BF7F710FC5BD}.Debug|x86.ActiveCfg = Debug|Any CPU
		{53928A2E-E7EF-4E21-8326-BF7F710FC5BD}.Debug|x86.Build.0 = Debug|Any CPU
		{53928A2E-E7EF-4E21-8326-BF7F710FC5BD}.Release|Any CPU.ActiveCfg = Release|Any CPU
		{53928A2E-E7EF-4E21-8326-BF7F710FC5BD}.Release|Any CPU.Build.0 = Release|Any CPU
		{53928A2E-E7EF-4E21-8326-BF7F710FC5BD}.Release|x64.ActiveCfg = Release|Any CPU
		{53928A2E-E7EF-4E21-8326-BF7F710FC5BD}.Release|x64.Build.0 = Release|Any CPU
		{53928A2E-E7EF-4E21-8326-BF7F710FC5BD}.Release|x86.ActiveCfg = Release|Any CPU
		{53928A2E-E7EF-4E21-8326-BF7F710FC5BD}.Release|x86.Build.0 = Release|Any CPU
		{7CDDB483-4AC7-480C-8CC0-4C214431AFAD}.Debug|Any CPU.ActiveCfg = Debug|Any CPU
		{7CDDB483-4AC7-480C-8CC0-4C214431AFAD}.Debug|Any CPU.Build.0 = Debug|Any CPU
		{7CDDB483-4AC7-480C-8CC0-4C214431AFAD}.Debug|x64.ActiveCfg = Debug|Any CPU
		{7CDDB483-4AC7-480C-8CC0-4C214431AFAD}.Debug|x64.Build.0 = Debug|Any CPU
		{7CDDB483-4AC7-480C-8CC0-4C214431AFAD}.Debug|x86.ActiveCfg = Debug|Any CPU
		{7CDDB483-4AC7-480C-8CC0-4C214431AFAD}.Debug|x86.Build.0 = Debug|Any CPU
		{7CDDB483-4AC7-480C-8CC0-4C214431AFAD}.Release|Any CPU.ActiveCfg = Release|Any CPU
		{7CDDB483-4AC7-480C-8CC0-4C214431AFAD}.Release|Any CPU.Build.0 = Release|Any CPU
		{7CDDB483-4AC7-480C-8CC0-4C214431AFAD}.Release|x64.ActiveCfg = Release|Any CPU
		{7CDDB483-4AC7-480C-8CC0-4C214431AFAD}.Release|x64.Build.0 = Release|Any CPU
		{7CDDB483-4AC7-480C-8CC0-4C214431AFAD}.Release|x86.ActiveCfg = Release|Any CPU
		{7CDDB483-4AC7-480C-8CC0-4C214431AFAD}.Release|x86.Build.0 = Release|Any CPU
		{F6C76796-A74F-4258-BE43-27C65FAD2B5C}.Debug|Any CPU.ActiveCfg = Debug|Any CPU
		{F6C76796-A74F-4258-BE43-27C65FAD2B5C}.Debug|Any CPU.Build.0 = Debug|Any CPU
		{F6C76796-A74F-4258-BE43-27C65FAD2B5C}.Debug|x64.ActiveCfg = Debug|Any CPU
		{F6C76796-A74F-4258-BE43-27C65FAD2B5C}.Debug|x64.Build.0 = Debug|Any CPU
		{F6C76796-A74F-4258-BE43-27C65FAD2B5C}.Debug|x86.ActiveCfg = Debug|Any CPU
		{F6C76796-A74F-4258-BE43-27C65FAD2B5C}.Debug|x86.Build.0 = Debug|Any CPU
		{F6C76796-A74F-4258-BE43-27C65FAD2B5C}.Release|Any CPU.ActiveCfg = Release|Any CPU
		{F6C76796-A74F-4258-BE43-27C65FAD2B5C}.Release|Any CPU.Build.0 = Release|Any CPU
		{F6C76796-A74F-4258-BE43-27C65FAD2B5C}.Release|x64.ActiveCfg = Release|Any CPU
		{F6C76796-A74F-4258-BE43-27C65FAD2B5C}.Release|x64.Build.0 = Release|Any CPU
		{F6C76796-A74F-4258-BE43-27C65FAD2B5C}.Release|x86.ActiveCfg = Release|Any CPU
		{F6C76796-A74F-4258-BE43-27C65FAD2B5C}.Release|x86.Build.0 = Release|Any CPU
		{39D6D2C1-42A9-4D65-BF17-6B5972A78B33}.Debug|Any CPU.ActiveCfg = Debug|Any CPU
		{39D6D2C1-42A9-4D65-BF17-6B5972A78B33}.Debug|Any CPU.Build.0 = Debug|Any CPU
		{39D6D2C1-42A9-4D65-BF17-6B5972A78B33}.Debug|x64.ActiveCfg = Debug|Any CPU
		{39D6D2C1-42A9-4D65-BF17-6B5972A78B33}.Debug|x64.Build.0 = Debug|Any CPU
		{39D6D2C1-42A9-4D65-BF17-6B5972A78B33}.Debug|x86.ActiveCfg = Debug|Any CPU
		{39D6D2C1-42A9-4D65-BF17-6B5972A78B33}.Debug|x86.Build.0 = Debug|Any CPU
		{39D6D2C1-42A9-4D65-BF17-6B5972A78B33}.Release|Any CPU.ActiveCfg = Release|Any CPU
		{39D6D2C1-42A9-4D65-BF17-6B5972A78B33}.Release|Any CPU.Build.0 = Release|Any CPU
		{39D6D2C1-42A9-4D65-BF17-6B5972A78B33}.Release|x64.ActiveCfg = Release|Any CPU
		{39D6D2C1-42A9-4D65-BF17-6B5972A78B33}.Release|x64.Build.0 = Release|Any CPU
		{39D6D2C1-42A9-4D65-BF17-6B5972A78B33}.Release|x86.ActiveCfg = Release|Any CPU
		{39D6D2C1-42A9-4D65-BF17-6B5972A78B33}.Release|x86.Build.0 = Release|Any CPU
		{0604E14C-C77C-4247-957A-3E8726C78B82}.Debug|Any CPU.ActiveCfg = Debug|Any CPU
		{0604E14C-C77C-4247-957A-3E8726C78B82}.Debug|Any CPU.Build.0 = Debug|Any CPU
		{0604E14C-C77C-4247-957A-3E8726C78B82}.Debug|x64.ActiveCfg = Debug|Any CPU
		{0604E14C-C77C-4247-957A-3E8726C78B82}.Debug|x64.Build.0 = Debug|Any CPU
		{0604E14C-C77C-4247-957A-3E8726C78B82}.Debug|x86.ActiveCfg = Debug|Any CPU
		{0604E14C-C77C-4247-957A-3E8726C78B82}.Debug|x86.Build.0 = Debug|Any CPU
		{0604E14C-C77C-4247-957A-3E8726C78B82}.Release|Any CPU.ActiveCfg = Release|Any CPU
		{0604E14C-C77C-4247-957A-3E8726C78B82}.Release|Any CPU.Build.0 = Release|Any CPU
		{0604E14C-C77C-4247-957A-3E8726C78B82}.Release|x64.ActiveCfg = Release|Any CPU
		{0604E14C-C77C-4247-957A-3E8726C78B82}.Release|x64.Build.0 = Release|Any CPU
		{0604E14C-C77C-4247-957A-3E8726C78B82}.Release|x86.ActiveCfg = Release|Any CPU
		{0604E14C-C77C-4247-957A-3E8726C78B82}.Release|x86.Build.0 = Release|Any CPU
		{17DEEC79-1F4A-4F7D-A5C6-8A8D5DE2E554}.Debug|Any CPU.ActiveCfg = Debug|Any CPU
		{17DEEC79-1F4A-4F7D-A5C6-8A8D5DE2E554}.Debug|Any CPU.Build.0 = Debug|Any CPU
		{17DEEC79-1F4A-4F7D-A5C6-8A8D5DE2E554}.Debug|x64.ActiveCfg = Debug|Any CPU
		{17DEEC79-1F4A-4F7D-A5C6-8A8D5DE2E554}.Debug|x64.Build.0 = Debug|Any CPU
		{17DEEC79-1F4A-4F7D-A5C6-8A8D5DE2E554}.Debug|x86.ActiveCfg = Debug|Any CPU
		{17DEEC79-1F4A-4F7D-A5C6-8A8D5DE2E554}.Debug|x86.Build.0 = Debug|Any CPU
		{17DEEC79-1F4A-4F7D-A5C6-8A8D5DE2E554}.Release|Any CPU.ActiveCfg = Release|Any CPU
		{17DEEC79-1F4A-4F7D-A5C6-8A8D5DE2E554}.Release|Any CPU.Build.0 = Release|Any CPU
		{17DEEC79-1F4A-4F7D-A5C6-8A8D5DE2E554}.Release|x64.ActiveCfg = Release|Any CPU
		{17DEEC79-1F4A-4F7D-A5C6-8A8D5DE2E554}.Release|x64.Build.0 = Release|Any CPU
		{17DEEC79-1F4A-4F7D-A5C6-8A8D5DE2E554}.Release|x86.ActiveCfg = Release|Any CPU
		{17DEEC79-1F4A-4F7D-A5C6-8A8D5DE2E554}.Release|x86.Build.0 = Release|Any CPU
		{6CE8265E-1378-44E0-ADFF-77BC5E6A72B6}.Debug|Any CPU.ActiveCfg = Debug|Any CPU
		{6CE8265E-1378-44E0-ADFF-77BC5E6A72B6}.Debug|Any CPU.Build.0 = Debug|Any CPU
		{6CE8265E-1378-44E0-ADFF-77BC5E6A72B6}.Debug|x64.ActiveCfg = Debug|Any CPU
		{6CE8265E-1378-44E0-ADFF-77BC5E6A72B6}.Debug|x64.Build.0 = Debug|Any CPU
		{6CE8265E-1378-44E0-ADFF-77BC5E6A72B6}.Debug|x86.ActiveCfg = Debug|Any CPU
		{6CE8265E-1378-44E0-ADFF-77BC5E6A72B6}.Debug|x86.Build.0 = Debug|Any CPU
		{6CE8265E-1378-44E0-ADFF-77BC5E6A72B6}.Release|Any CPU.ActiveCfg = Release|Any CPU
		{6CE8265E-1378-44E0-ADFF-77BC5E6A72B6}.Release|Any CPU.Build.0 = Release|Any CPU
		{6CE8265E-1378-44E0-ADFF-77BC5E6A72B6}.Release|x64.ActiveCfg = Release|Any CPU
		{6CE8265E-1378-44E0-ADFF-77BC5E6A72B6}.Release|x64.Build.0 = Release|Any CPU
		{6CE8265E-1378-44E0-ADFF-77BC5E6A72B6}.Release|x86.ActiveCfg = Release|Any CPU
		{6CE8265E-1378-44E0-ADFF-77BC5E6A72B6}.Release|x86.Build.0 = Release|Any CPU
		{59685135-2BE7-4D52-8AA4-FB583BEFE085}.Debug|Any CPU.ActiveCfg = Debug|Any CPU
		{59685135-2BE7-4D52-8AA4-FB583BEFE085}.Debug|Any CPU.Build.0 = Debug|Any CPU
		{59685135-2BE7-4D52-8AA4-FB583BEFE085}.Debug|x64.ActiveCfg = Debug|Any CPU
		{59685135-2BE7-4D52-8AA4-FB583BEFE085}.Debug|x64.Build.0 = Debug|Any CPU
		{59685135-2BE7-4D52-8AA4-FB583BEFE085}.Debug|x86.ActiveCfg = Debug|Any CPU
		{59685135-2BE7-4D52-8AA4-FB583BEFE085}.Debug|x86.Build.0 = Debug|Any CPU
		{59685135-2BE7-4D52-8AA4-FB583BEFE085}.Release|Any CPU.ActiveCfg = Release|Any CPU
		{59685135-2BE7-4D52-8AA4-FB583BEFE085}.Release|Any CPU.Build.0 = Release|Any CPU
		{59685135-2BE7-4D52-8AA4-FB583BEFE085}.Release|x64.ActiveCfg = Release|Any CPU
		{59685135-2BE7-4D52-8AA4-FB583BEFE085}.Release|x64.Build.0 = Release|Any CPU
		{59685135-2BE7-4D52-8AA4-FB583BEFE085}.Release|x86.ActiveCfg = Release|Any CPU
		{59685135-2BE7-4D52-8AA4-FB583BEFE085}.Release|x86.Build.0 = Release|Any CPU
		{6268A850-00A8-4669-B99D-A2FFD002C845}.Debug|Any CPU.ActiveCfg = Debug|Any CPU
		{6268A850-00A8-4669-B99D-A2FFD002C845}.Debug|Any CPU.Build.0 = Debug|Any CPU
		{6268A850-00A8-4669-B99D-A2FFD002C845}.Debug|x64.ActiveCfg = Debug|Any CPU
		{6268A850-00A8-4669-B99D-A2FFD002C845}.Debug|x64.Build.0 = Debug|Any CPU
		{6268A850-00A8-4669-B99D-A2FFD002C845}.Debug|x86.ActiveCfg = Debug|Any CPU
		{6268A850-00A8-4669-B99D-A2FFD002C845}.Debug|x86.Build.0 = Debug|Any CPU
		{6268A850-00A8-4669-B99D-A2FFD002C845}.Release|Any CPU.ActiveCfg = Release|Any CPU
		{6268A850-00A8-4669-B99D-A2FFD002C845}.Release|Any CPU.Build.0 = Release|Any CPU
		{6268A850-00A8-4669-B99D-A2FFD002C845}.Release|x64.ActiveCfg = Release|Any CPU
		{6268A850-00A8-4669-B99D-A2FFD002C845}.Release|x64.Build.0 = Release|Any CPU
		{6268A850-00A8-4669-B99D-A2FFD002C845}.Release|x86.ActiveCfg = Release|Any CPU
		{6268A850-00A8-4669-B99D-A2FFD002C845}.Release|x86.Build.0 = Release|Any CPU
		{2A72C0B4-3379-42B0-B864-DF5E9F2064D3}.Debug|Any CPU.ActiveCfg = Debug|Any CPU
		{2A72C0B4-3379-42B0-B864-DF5E9F2064D3}.Debug|Any CPU.Build.0 = Debug|Any CPU
		{2A72C0B4-3379-42B0-B864-DF5E9F2064D3}.Debug|x64.ActiveCfg = Debug|Any CPU
		{2A72C0B4-3379-42B0-B864-DF5E9F2064D3}.Debug|x64.Build.0 = Debug|Any CPU
		{2A72C0B4-3379-42B0-B864-DF5E9F2064D3}.Debug|x86.ActiveCfg = Debug|Any CPU
		{2A72C0B4-3379-42B0-B864-DF5E9F2064D3}.Debug|x86.Build.0 = Debug|Any CPU
		{2A72C0B4-3379-42B0-B864-DF5E9F2064D3}.Release|Any CPU.ActiveCfg = Release|Any CPU
		{2A72C0B4-3379-42B0-B864-DF5E9F2064D3}.Release|Any CPU.Build.0 = Release|Any CPU
		{2A72C0B4-3379-42B0-B864-DF5E9F2064D3}.Release|x64.ActiveCfg = Release|Any CPU
		{2A72C0B4-3379-42B0-B864-DF5E9F2064D3}.Release|x64.Build.0 = Release|Any CPU
		{2A72C0B4-3379-42B0-B864-DF5E9F2064D3}.Release|x86.ActiveCfg = Release|Any CPU
		{2A72C0B4-3379-42B0-B864-DF5E9F2064D3}.Release|x86.Build.0 = Release|Any CPU
		{7E7B4EF3-F769-4220-84CA-C954901061B3}.Debug|Any CPU.ActiveCfg = Debug|Any CPU
		{7E7B4EF3-F769-4220-84CA-C954901061B3}.Debug|Any CPU.Build.0 = Debug|Any CPU
		{7E7B4EF3-F769-4220-84CA-C954901061B3}.Debug|x64.ActiveCfg = Debug|Any CPU
		{7E7B4EF3-F769-4220-84CA-C954901061B3}.Debug|x64.Build.0 = Debug|Any CPU
		{7E7B4EF3-F769-4220-84CA-C954901061B3}.Debug|x86.ActiveCfg = Debug|Any CPU
		{7E7B4EF3-F769-4220-84CA-C954901061B3}.Debug|x86.Build.0 = Debug|Any CPU
		{7E7B4EF3-F769-4220-84CA-C954901061B3}.Release|Any CPU.ActiveCfg = Release|Any CPU
		{7E7B4EF3-F769-4220-84CA-C954901061B3}.Release|Any CPU.Build.0 = Release|Any CPU
		{7E7B4EF3-F769-4220-84CA-C954901061B3}.Release|x64.ActiveCfg = Release|Any CPU
		{7E7B4EF3-F769-4220-84CA-C954901061B3}.Release|x64.Build.0 = Release|Any CPU
		{7E7B4EF3-F769-4220-84CA-C954901061B3}.Release|x86.ActiveCfg = Release|Any CPU
		{7E7B4EF3-F769-4220-84CA-C954901061B3}.Release|x86.Build.0 = Release|Any CPU
		{A3E44B48-71D0-47C7-AD9C-07F2A8D005AC}.Debug|Any CPU.ActiveCfg = Debug|Any CPU
		{A3E44B48-71D0-47C7-AD9C-07F2A8D005AC}.Debug|Any CPU.Build.0 = Debug|Any CPU
		{A3E44B48-71D0-47C7-AD9C-07F2A8D005AC}.Debug|x64.ActiveCfg = Debug|Any CPU
		{A3E44B48-71D0-47C7-AD9C-07F2A8D005AC}.Debug|x64.Build.0 = Debug|Any CPU
		{A3E44B48-71D0-47C7-AD9C-07F2A8D005AC}.Debug|x86.ActiveCfg = Debug|Any CPU
		{A3E44B48-71D0-47C7-AD9C-07F2A8D005AC}.Debug|x86.Build.0 = Debug|Any CPU
		{A3E44B48-71D0-47C7-AD9C-07F2A8D005AC}.Release|Any CPU.ActiveCfg = Release|Any CPU
		{A3E44B48-71D0-47C7-AD9C-07F2A8D005AC}.Release|Any CPU.Build.0 = Release|Any CPU
		{A3E44B48-71D0-47C7-AD9C-07F2A8D005AC}.Release|x64.ActiveCfg = Release|Any CPU
		{A3E44B48-71D0-47C7-AD9C-07F2A8D005AC}.Release|x64.Build.0 = Release|Any CPU
		{A3E44B48-71D0-47C7-AD9C-07F2A8D005AC}.Release|x86.ActiveCfg = Release|Any CPU
		{A3E44B48-71D0-47C7-AD9C-07F2A8D005AC}.Release|x86.Build.0 = Release|Any CPU
		{5E849EBC-3C4D-473C-86B5-7EBC2A1BFE7B}.Debug|Any CPU.ActiveCfg = Debug|Any CPU
		{5E849EBC-3C4D-473C-86B5-7EBC2A1BFE7B}.Debug|Any CPU.Build.0 = Debug|Any CPU
		{5E849EBC-3C4D-473C-86B5-7EBC2A1BFE7B}.Debug|x64.ActiveCfg = Debug|Any CPU
		{5E849EBC-3C4D-473C-86B5-7EBC2A1BFE7B}.Debug|x64.Build.0 = Debug|Any CPU
		{5E849EBC-3C4D-473C-86B5-7EBC2A1BFE7B}.Debug|x86.ActiveCfg = Debug|Any CPU
		{5E849EBC-3C4D-473C-86B5-7EBC2A1BFE7B}.Debug|x86.Build.0 = Debug|Any CPU
		{5E849EBC-3C4D-473C-86B5-7EBC2A1BFE7B}.Release|Any CPU.ActiveCfg = Release|Any CPU
		{5E849EBC-3C4D-473C-86B5-7EBC2A1BFE7B}.Release|Any CPU.Build.0 = Release|Any CPU
		{5E849EBC-3C4D-473C-86B5-7EBC2A1BFE7B}.Release|x64.ActiveCfg = Release|Any CPU
		{5E849EBC-3C4D-473C-86B5-7EBC2A1BFE7B}.Release|x64.Build.0 = Release|Any CPU
		{5E849EBC-3C4D-473C-86B5-7EBC2A1BFE7B}.Release|x86.ActiveCfg = Release|Any CPU
		{5E849EBC-3C4D-473C-86B5-7EBC2A1BFE7B}.Release|x86.Build.0 = Release|Any CPU
		{57BB416C-5F05-4608-8ED7-BDF44E2E4E86}.Debug|Any CPU.ActiveCfg = Debug|Any CPU
		{57BB416C-5F05-4608-8ED7-BDF44E2E4E86}.Debug|Any CPU.Build.0 = Debug|Any CPU
		{57BB416C-5F05-4608-8ED7-BDF44E2E4E86}.Debug|x64.ActiveCfg = Debug|Any CPU
		{57BB416C-5F05-4608-8ED7-BDF44E2E4E86}.Debug|x64.Build.0 = Debug|Any CPU
		{57BB416C-5F05-4608-8ED7-BDF44E2E4E86}.Debug|x86.ActiveCfg = Debug|Any CPU
		{57BB416C-5F05-4608-8ED7-BDF44E2E4E86}.Debug|x86.Build.0 = Debug|Any CPU
		{57BB416C-5F05-4608-8ED7-BDF44E2E4E86}.Release|Any CPU.ActiveCfg = Release|Any CPU
		{57BB416C-5F05-4608-8ED7-BDF44E2E4E86}.Release|Any CPU.Build.0 = Release|Any CPU
		{57BB416C-5F05-4608-8ED7-BDF44E2E4E86}.Release|x64.ActiveCfg = Release|Any CPU
		{57BB416C-5F05-4608-8ED7-BDF44E2E4E86}.Release|x64.Build.0 = Release|Any CPU
		{57BB416C-5F05-4608-8ED7-BDF44E2E4E86}.Release|x86.ActiveCfg = Release|Any CPU
		{57BB416C-5F05-4608-8ED7-BDF44E2E4E86}.Release|x86.Build.0 = Release|Any CPU
		{E8190FAC-CABF-4B29-B6E2-2529E8D5B701}.Debug|Any CPU.ActiveCfg = Debug|Any CPU
		{E8190FAC-CABF-4B29-B6E2-2529E8D5B701}.Debug|Any CPU.Build.0 = Debug|Any CPU
		{E8190FAC-CABF-4B29-B6E2-2529E8D5B701}.Debug|x64.ActiveCfg = Debug|Any CPU
		{E8190FAC-CABF-4B29-B6E2-2529E8D5B701}.Debug|x64.Build.0 = Debug|Any CPU
		{E8190FAC-CABF-4B29-B6E2-2529E8D5B701}.Debug|x86.ActiveCfg = Debug|Any CPU
		{E8190FAC-CABF-4B29-B6E2-2529E8D5B701}.Debug|x86.Build.0 = Debug|Any CPU
		{E8190FAC-CABF-4B29-B6E2-2529E8D5B701}.Release|Any CPU.ActiveCfg = Release|Any CPU
		{E8190FAC-CABF-4B29-B6E2-2529E8D5B701}.Release|Any CPU.Build.0 = Release|Any CPU
		{E8190FAC-CABF-4B29-B6E2-2529E8D5B701}.Release|x64.ActiveCfg = Release|Any CPU
		{E8190FAC-CABF-4B29-B6E2-2529E8D5B701}.Release|x64.Build.0 = Release|Any CPU
		{E8190FAC-CABF-4B29-B6E2-2529E8D5B701}.Release|x86.ActiveCfg = Release|Any CPU
		{E8190FAC-CABF-4B29-B6E2-2529E8D5B701}.Release|x86.Build.0 = Release|Any CPU
		{81E2BE90-3232-4146-9CFF-9E9A78ED21B8}.Debug|Any CPU.ActiveCfg = Debug|Any CPU
		{81E2BE90-3232-4146-9CFF-9E9A78ED21B8}.Debug|Any CPU.Build.0 = Debug|Any CPU
		{81E2BE90-3232-4146-9CFF-9E9A78ED21B8}.Debug|x64.ActiveCfg = Debug|Any CPU
		{81E2BE90-3232-4146-9CFF-9E9A78ED21B8}.Debug|x64.Build.0 = Debug|Any CPU
		{81E2BE90-3232-4146-9CFF-9E9A78ED21B8}.Debug|x86.ActiveCfg = Debug|Any CPU
		{81E2BE90-3232-4146-9CFF-9E9A78ED21B8}.Debug|x86.Build.0 = Debug|Any CPU
		{81E2BE90-3232-4146-9CFF-9E9A78ED21B8}.Release|Any CPU.ActiveCfg = Release|Any CPU
		{81E2BE90-3232-4146-9CFF-9E9A78ED21B8}.Release|Any CPU.Build.0 = Release|Any CPU
		{81E2BE90-3232-4146-9CFF-9E9A78ED21B8}.Release|x64.ActiveCfg = Release|Any CPU
		{81E2BE90-3232-4146-9CFF-9E9A78ED21B8}.Release|x64.Build.0 = Release|Any CPU
		{81E2BE90-3232-4146-9CFF-9E9A78ED21B8}.Release|x86.ActiveCfg = Release|Any CPU
		{81E2BE90-3232-4146-9CFF-9E9A78ED21B8}.Release|x86.Build.0 = Release|Any CPU
		{8D54C86C-E735-4DBB-8C58-E53A6B936849}.Debug|Any CPU.ActiveCfg = Debug|Any CPU
		{8D54C86C-E735-4DBB-8C58-E53A6B936849}.Debug|Any CPU.Build.0 = Debug|Any CPU
		{8D54C86C-E735-4DBB-8C58-E53A6B936849}.Debug|x64.ActiveCfg = Debug|Any CPU
		{8D54C86C-E735-4DBB-8C58-E53A6B936849}.Debug|x64.Build.0 = Debug|Any CPU
		{8D54C86C-E735-4DBB-8C58-E53A6B936849}.Debug|x86.ActiveCfg = Debug|Any CPU
		{8D54C86C-E735-4DBB-8C58-E53A6B936849}.Debug|x86.Build.0 = Debug|Any CPU
		{8D54C86C-E735-4DBB-8C58-E53A6B936849}.Release|Any CPU.ActiveCfg = Release|Any CPU
		{8D54C86C-E735-4DBB-8C58-E53A6B936849}.Release|Any CPU.Build.0 = Release|Any CPU
		{8D54C86C-E735-4DBB-8C58-E53A6B936849}.Release|x64.ActiveCfg = Release|Any CPU
		{8D54C86C-E735-4DBB-8C58-E53A6B936849}.Release|x64.Build.0 = Release|Any CPU
		{8D54C86C-E735-4DBB-8C58-E53A6B936849}.Release|x86.ActiveCfg = Release|Any CPU
		{8D54C86C-E735-4DBB-8C58-E53A6B936849}.Release|x86.Build.0 = Release|Any CPU
		{6169AEFC-C3C3-446E-96B0-C4B7AE434F1F}.Debug|Any CPU.ActiveCfg = Debug|Any CPU
		{6169AEFC-C3C3-446E-96B0-C4B7AE434F1F}.Debug|Any CPU.Build.0 = Debug|Any CPU
		{6169AEFC-C3C3-446E-96B0-C4B7AE434F1F}.Debug|x64.ActiveCfg = Debug|Any CPU
		{6169AEFC-C3C3-446E-96B0-C4B7AE434F1F}.Debug|x64.Build.0 = Debug|Any CPU
		{6169AEFC-C3C3-446E-96B0-C4B7AE434F1F}.Debug|x86.ActiveCfg = Debug|Any CPU
		{6169AEFC-C3C3-446E-96B0-C4B7AE434F1F}.Debug|x86.Build.0 = Debug|Any CPU
		{6169AEFC-C3C3-446E-96B0-C4B7AE434F1F}.Release|Any CPU.ActiveCfg = Release|Any CPU
		{6169AEFC-C3C3-446E-96B0-C4B7AE434F1F}.Release|Any CPU.Build.0 = Release|Any CPU
		{6169AEFC-C3C3-446E-96B0-C4B7AE434F1F}.Release|x64.ActiveCfg = Release|Any CPU
		{6169AEFC-C3C3-446E-96B0-C4B7AE434F1F}.Release|x64.Build.0 = Release|Any CPU
		{6169AEFC-C3C3-446E-96B0-C4B7AE434F1F}.Release|x86.ActiveCfg = Release|Any CPU
		{6169AEFC-C3C3-446E-96B0-C4B7AE434F1F}.Release|x86.Build.0 = Release|Any CPU
		{24C023CE-4065-4F4E-9C7A-28B8884DED7B}.Debug|Any CPU.ActiveCfg = Debug|Any CPU
		{24C023CE-4065-4F4E-9C7A-28B8884DED7B}.Debug|Any CPU.Build.0 = Debug|Any CPU
		{24C023CE-4065-4F4E-9C7A-28B8884DED7B}.Debug|x64.ActiveCfg = Debug|Any CPU
		{24C023CE-4065-4F4E-9C7A-28B8884DED7B}.Debug|x64.Build.0 = Debug|Any CPU
		{24C023CE-4065-4F4E-9C7A-28B8884DED7B}.Debug|x86.ActiveCfg = Debug|Any CPU
		{24C023CE-4065-4F4E-9C7A-28B8884DED7B}.Debug|x86.Build.0 = Debug|Any CPU
		{24C023CE-4065-4F4E-9C7A-28B8884DED7B}.Release|Any CPU.ActiveCfg = Release|Any CPU
		{24C023CE-4065-4F4E-9C7A-28B8884DED7B}.Release|Any CPU.Build.0 = Release|Any CPU
		{24C023CE-4065-4F4E-9C7A-28B8884DED7B}.Release|x64.ActiveCfg = Release|Any CPU
		{24C023CE-4065-4F4E-9C7A-28B8884DED7B}.Release|x64.Build.0 = Release|Any CPU
		{24C023CE-4065-4F4E-9C7A-28B8884DED7B}.Release|x86.ActiveCfg = Release|Any CPU
		{24C023CE-4065-4F4E-9C7A-28B8884DED7B}.Release|x86.Build.0 = Release|Any CPU
		{9A990BF2-4296-4ECC-8809-33CA441640D7}.Debug|Any CPU.ActiveCfg = Debug|Any CPU
		{9A990BF2-4296-4ECC-8809-33CA441640D7}.Debug|Any CPU.Build.0 = Debug|Any CPU
		{9A990BF2-4296-4ECC-8809-33CA441640D7}.Debug|x64.ActiveCfg = Debug|Any CPU
		{9A990BF2-4296-4ECC-8809-33CA441640D7}.Debug|x64.Build.0 = Debug|Any CPU
		{9A990BF2-4296-4ECC-8809-33CA441640D7}.Debug|x86.ActiveCfg = Debug|Any CPU
		{9A990BF2-4296-4ECC-8809-33CA441640D7}.Debug|x86.Build.0 = Debug|Any CPU
		{9A990BF2-4296-4ECC-8809-33CA441640D7}.Release|Any CPU.ActiveCfg = Release|Any CPU
		{9A990BF2-4296-4ECC-8809-33CA441640D7}.Release|Any CPU.Build.0 = Release|Any CPU
		{9A990BF2-4296-4ECC-8809-33CA441640D7}.Release|x64.ActiveCfg = Release|Any CPU
		{9A990BF2-4296-4ECC-8809-33CA441640D7}.Release|x64.Build.0 = Release|Any CPU
		{9A990BF2-4296-4ECC-8809-33CA441640D7}.Release|x86.ActiveCfg = Release|Any CPU
		{9A990BF2-4296-4ECC-8809-33CA441640D7}.Release|x86.Build.0 = Release|Any CPU
		{A16F23B5-30B1-4A7A-9827-C49B88AAD8FE}.Debug|Any CPU.ActiveCfg = Debug|Any CPU
		{A16F23B5-30B1-4A7A-9827-C49B88AAD8FE}.Debug|Any CPU.Build.0 = Debug|Any CPU
		{A16F23B5-30B1-4A7A-9827-C49B88AAD8FE}.Debug|x64.ActiveCfg = Debug|Any CPU
		{A16F23B5-30B1-4A7A-9827-C49B88AAD8FE}.Debug|x64.Build.0 = Debug|Any CPU
		{A16F23B5-30B1-4A7A-9827-C49B88AAD8FE}.Debug|x86.ActiveCfg = Debug|Any CPU
		{A16F23B5-30B1-4A7A-9827-C49B88AAD8FE}.Debug|x86.Build.0 = Debug|Any CPU
		{A16F23B5-30B1-4A7A-9827-C49B88AAD8FE}.Release|Any CPU.ActiveCfg = Release|Any CPU
		{A16F23B5-30B1-4A7A-9827-C49B88AAD8FE}.Release|Any CPU.Build.0 = Release|Any CPU
		{A16F23B5-30B1-4A7A-9827-C49B88AAD8FE}.Release|x64.ActiveCfg = Release|Any CPU
		{A16F23B5-30B1-4A7A-9827-C49B88AAD8FE}.Release|x64.Build.0 = Release|Any CPU
		{A16F23B5-30B1-4A7A-9827-C49B88AAD8FE}.Release|x86.ActiveCfg = Release|Any CPU
		{A16F23B5-30B1-4A7A-9827-C49B88AAD8FE}.Release|x86.Build.0 = Release|Any CPU
		{E615AE0D-484E-42EC-AE92-08E5D1B0A31E}.Debug|Any CPU.ActiveCfg = Debug|Any CPU
		{E615AE0D-484E-42EC-AE92-08E5D1B0A31E}.Debug|Any CPU.Build.0 = Debug|Any CPU
		{E615AE0D-484E-42EC-AE92-08E5D1B0A31E}.Debug|x64.ActiveCfg = Debug|Any CPU
		{E615AE0D-484E-42EC-AE92-08E5D1B0A31E}.Debug|x64.Build.0 = Debug|Any CPU
		{E615AE0D-484E-42EC-AE92-08E5D1B0A31E}.Debug|x86.ActiveCfg = Debug|Any CPU
		{E615AE0D-484E-42EC-AE92-08E5D1B0A31E}.Debug|x86.Build.0 = Debug|Any CPU
		{E615AE0D-484E-42EC-AE92-08E5D1B0A31E}.Release|Any CPU.ActiveCfg = Release|Any CPU
		{E615AE0D-484E-42EC-AE92-08E5D1B0A31E}.Release|Any CPU.Build.0 = Release|Any CPU
		{E615AE0D-484E-42EC-AE92-08E5D1B0A31E}.Release|x64.ActiveCfg = Release|Any CPU
		{E615AE0D-484E-42EC-AE92-08E5D1B0A31E}.Release|x64.Build.0 = Release|Any CPU
		{E615AE0D-484E-42EC-AE92-08E5D1B0A31E}.Release|x86.ActiveCfg = Release|Any CPU
		{E615AE0D-484E-42EC-AE92-08E5D1B0A31E}.Release|x86.Build.0 = Release|Any CPU
		{F0AD0D17-D626-4A81-B131-DA82C8712852}.Debug|Any CPU.ActiveCfg = Debug|Any CPU
		{F0AD0D17-D626-4A81-B131-DA82C8712852}.Debug|Any CPU.Build.0 = Debug|Any CPU
		{F0AD0D17-D626-4A81-B131-DA82C8712852}.Debug|x64.ActiveCfg = Debug|Any CPU
		{F0AD0D17-D626-4A81-B131-DA82C8712852}.Debug|x64.Build.0 = Debug|Any CPU
		{F0AD0D17-D626-4A81-B131-DA82C8712852}.Debug|x86.ActiveCfg = Debug|Any CPU
		{F0AD0D17-D626-4A81-B131-DA82C8712852}.Debug|x86.Build.0 = Debug|Any CPU
		{F0AD0D17-D626-4A81-B131-DA82C8712852}.Release|Any CPU.ActiveCfg = Release|Any CPU
		{F0AD0D17-D626-4A81-B131-DA82C8712852}.Release|Any CPU.Build.0 = Release|Any CPU
		{F0AD0D17-D626-4A81-B131-DA82C8712852}.Release|x64.ActiveCfg = Release|Any CPU
		{F0AD0D17-D626-4A81-B131-DA82C8712852}.Release|x64.Build.0 = Release|Any CPU
		{F0AD0D17-D626-4A81-B131-DA82C8712852}.Release|x86.ActiveCfg = Release|Any CPU
		{F0AD0D17-D626-4A81-B131-DA82C8712852}.Release|x86.Build.0 = Release|Any CPU
		{A1F498C0-98E2-45A8-A3C5-79A5DCCD0129}.Debug|Any CPU.ActiveCfg = Debug|Any CPU
		{A1F498C0-98E2-45A8-A3C5-79A5DCCD0129}.Debug|Any CPU.Build.0 = Debug|Any CPU
		{A1F498C0-98E2-45A8-A3C5-79A5DCCD0129}.Debug|x64.ActiveCfg = Debug|Any CPU
		{A1F498C0-98E2-45A8-A3C5-79A5DCCD0129}.Debug|x64.Build.0 = Debug|Any CPU
		{A1F498C0-98E2-45A8-A3C5-79A5DCCD0129}.Debug|x86.ActiveCfg = Debug|Any CPU
		{A1F498C0-98E2-45A8-A3C5-79A5DCCD0129}.Debug|x86.Build.0 = Debug|Any CPU
		{A1F498C0-98E2-45A8-A3C5-79A5DCCD0129}.Release|Any CPU.ActiveCfg = Release|Any CPU
		{A1F498C0-98E2-45A8-A3C5-79A5DCCD0129}.Release|Any CPU.Build.0 = Release|Any CPU
		{A1F498C0-98E2-45A8-A3C5-79A5DCCD0129}.Release|x64.ActiveCfg = Release|Any CPU
		{A1F498C0-98E2-45A8-A3C5-79A5DCCD0129}.Release|x64.Build.0 = Release|Any CPU
		{A1F498C0-98E2-45A8-A3C5-79A5DCCD0129}.Release|x86.ActiveCfg = Release|Any CPU
		{A1F498C0-98E2-45A8-A3C5-79A5DCCD0129}.Release|x86.Build.0 = Release|Any CPU
		{D35E76DD-1C20-4699-80C8-8E489CB4EDD1}.Debug|Any CPU.ActiveCfg = Debug|Any CPU
		{D35E76DD-1C20-4699-80C8-8E489CB4EDD1}.Debug|Any CPU.Build.0 = Debug|Any CPU
		{D35E76DD-1C20-4699-80C8-8E489CB4EDD1}.Debug|x64.ActiveCfg = Debug|Any CPU
		{D35E76DD-1C20-4699-80C8-8E489CB4EDD1}.Debug|x64.Build.0 = Debug|Any CPU
		{D35E76DD-1C20-4699-80C8-8E489CB4EDD1}.Debug|x86.ActiveCfg = Debug|Any CPU
		{D35E76DD-1C20-4699-80C8-8E489CB4EDD1}.Debug|x86.Build.0 = Debug|Any CPU
		{D35E76DD-1C20-4699-80C8-8E489CB4EDD1}.Release|Any CPU.ActiveCfg = Release|Any CPU
		{D35E76DD-1C20-4699-80C8-8E489CB4EDD1}.Release|Any CPU.Build.0 = Release|Any CPU
		{D35E76DD-1C20-4699-80C8-8E489CB4EDD1}.Release|x64.ActiveCfg = Release|Any CPU
		{D35E76DD-1C20-4699-80C8-8E489CB4EDD1}.Release|x64.Build.0 = Release|Any CPU
		{D35E76DD-1C20-4699-80C8-8E489CB4EDD1}.Release|x86.ActiveCfg = Release|Any CPU
		{D35E76DD-1C20-4699-80C8-8E489CB4EDD1}.Release|x86.Build.0 = Release|Any CPU
		{4729ABCD-55E3-49CA-840B-10ED6DEB88FB}.Debug|Any CPU.ActiveCfg = Debug|Any CPU
		{4729ABCD-55E3-49CA-840B-10ED6DEB88FB}.Debug|Any CPU.Build.0 = Debug|Any CPU
		{4729ABCD-55E3-49CA-840B-10ED6DEB88FB}.Debug|x64.ActiveCfg = Debug|Any CPU
		{4729ABCD-55E3-49CA-840B-10ED6DEB88FB}.Debug|x64.Build.0 = Debug|Any CPU
		{4729ABCD-55E3-49CA-840B-10ED6DEB88FB}.Debug|x86.ActiveCfg = Debug|Any CPU
		{4729ABCD-55E3-49CA-840B-10ED6DEB88FB}.Debug|x86.Build.0 = Debug|Any CPU
		{4729ABCD-55E3-49CA-840B-10ED6DEB88FB}.Release|Any CPU.ActiveCfg = Release|Any CPU
		{4729ABCD-55E3-49CA-840B-10ED6DEB88FB}.Release|Any CPU.Build.0 = Release|Any CPU
		{4729ABCD-55E3-49CA-840B-10ED6DEB88FB}.Release|x64.ActiveCfg = Release|Any CPU
		{4729ABCD-55E3-49CA-840B-10ED6DEB88FB}.Release|x64.Build.0 = Release|Any CPU
		{4729ABCD-55E3-49CA-840B-10ED6DEB88FB}.Release|x86.ActiveCfg = Release|Any CPU
		{4729ABCD-55E3-49CA-840B-10ED6DEB88FB}.Release|x86.Build.0 = Release|Any CPU
		{F18A536B-67DD-44D7-AD77-CCB6D5147E1F}.Debug|Any CPU.ActiveCfg = Debug|Any CPU
		{F18A536B-67DD-44D7-AD77-CCB6D5147E1F}.Debug|Any CPU.Build.0 = Debug|Any CPU
		{F18A536B-67DD-44D7-AD77-CCB6D5147E1F}.Debug|x64.ActiveCfg = Debug|Any CPU
		{F18A536B-67DD-44D7-AD77-CCB6D5147E1F}.Debug|x64.Build.0 = Debug|Any CPU
		{F18A536B-67DD-44D7-AD77-CCB6D5147E1F}.Debug|x86.ActiveCfg = Debug|Any CPU
		{F18A536B-67DD-44D7-AD77-CCB6D5147E1F}.Debug|x86.Build.0 = Debug|Any CPU
		{F18A536B-67DD-44D7-AD77-CCB6D5147E1F}.Release|Any CPU.ActiveCfg = Release|Any CPU
		{F18A536B-67DD-44D7-AD77-CCB6D5147E1F}.Release|Any CPU.Build.0 = Release|Any CPU
		{F18A536B-67DD-44D7-AD77-CCB6D5147E1F}.Release|x64.ActiveCfg = Release|Any CPU
		{F18A536B-67DD-44D7-AD77-CCB6D5147E1F}.Release|x64.Build.0 = Release|Any CPU
		{F18A536B-67DD-44D7-AD77-CCB6D5147E1F}.Release|x86.ActiveCfg = Release|Any CPU
		{F18A536B-67DD-44D7-AD77-CCB6D5147E1F}.Release|x86.Build.0 = Release|Any CPU
		{8F621C82-3E39-4BCE-A710-1906BBDB5133}.Debug|Any CPU.ActiveCfg = Debug|Any CPU
		{8F621C82-3E39-4BCE-A710-1906BBDB5133}.Debug|Any CPU.Build.0 = Debug|Any CPU
		{8F621C82-3E39-4BCE-A710-1906BBDB5133}.Debug|x64.ActiveCfg = Debug|Any CPU
		{8F621C82-3E39-4BCE-A710-1906BBDB5133}.Debug|x64.Build.0 = Debug|Any CPU
		{8F621C82-3E39-4BCE-A710-1906BBDB5133}.Debug|x86.ActiveCfg = Debug|Any CPU
		{8F621C82-3E39-4BCE-A710-1906BBDB5133}.Debug|x86.Build.0 = Debug|Any CPU
		{8F621C82-3E39-4BCE-A710-1906BBDB5133}.Release|Any CPU.ActiveCfg = Release|Any CPU
		{8F621C82-3E39-4BCE-A710-1906BBDB5133}.Release|Any CPU.Build.0 = Release|Any CPU
		{8F621C82-3E39-4BCE-A710-1906BBDB5133}.Release|x64.ActiveCfg = Release|Any CPU
		{8F621C82-3E39-4BCE-A710-1906BBDB5133}.Release|x64.Build.0 = Release|Any CPU
		{8F621C82-3E39-4BCE-A710-1906BBDB5133}.Release|x86.ActiveCfg = Release|Any CPU
		{8F621C82-3E39-4BCE-A710-1906BBDB5133}.Release|x86.Build.0 = Release|Any CPU
		{31168BEC-0624-411A-A73F-AF19FFA49A7C}.Debug|Any CPU.ActiveCfg = Debug|Any CPU
		{31168BEC-0624-411A-A73F-AF19FFA49A7C}.Debug|Any CPU.Build.0 = Debug|Any CPU
		{31168BEC-0624-411A-A73F-AF19FFA49A7C}.Debug|x64.ActiveCfg = Debug|Any CPU
		{31168BEC-0624-411A-A73F-AF19FFA49A7C}.Debug|x64.Build.0 = Debug|Any CPU
		{31168BEC-0624-411A-A73F-AF19FFA49A7C}.Debug|x86.ActiveCfg = Debug|Any CPU
		{31168BEC-0624-411A-A73F-AF19FFA49A7C}.Debug|x86.Build.0 = Debug|Any CPU
		{31168BEC-0624-411A-A73F-AF19FFA49A7C}.Release|Any CPU.ActiveCfg = Release|Any CPU
		{31168BEC-0624-411A-A73F-AF19FFA49A7C}.Release|Any CPU.Build.0 = Release|Any CPU
		{31168BEC-0624-411A-A73F-AF19FFA49A7C}.Release|x64.ActiveCfg = Release|Any CPU
		{31168BEC-0624-411A-A73F-AF19FFA49A7C}.Release|x64.Build.0 = Release|Any CPU
		{31168BEC-0624-411A-A73F-AF19FFA49A7C}.Release|x86.ActiveCfg = Release|Any CPU
		{31168BEC-0624-411A-A73F-AF19FFA49A7C}.Release|x86.Build.0 = Release|Any CPU
		{78BD8B86-298A-4094-8B20-91FAC6B9AC53}.Debug|Any CPU.ActiveCfg = Debug|Any CPU
		{78BD8B86-298A-4094-8B20-91FAC6B9AC53}.Debug|Any CPU.Build.0 = Debug|Any CPU
		{78BD8B86-298A-4094-8B20-91FAC6B9AC53}.Debug|x64.ActiveCfg = Debug|Any CPU
		{78BD8B86-298A-4094-8B20-91FAC6B9AC53}.Debug|x64.Build.0 = Debug|Any CPU
		{78BD8B86-298A-4094-8B20-91FAC6B9AC53}.Debug|x86.ActiveCfg = Debug|Any CPU
		{78BD8B86-298A-4094-8B20-91FAC6B9AC53}.Debug|x86.Build.0 = Debug|Any CPU
		{78BD8B86-298A-4094-8B20-91FAC6B9AC53}.Release|Any CPU.ActiveCfg = Release|Any CPU
		{78BD8B86-298A-4094-8B20-91FAC6B9AC53}.Release|Any CPU.Build.0 = Release|Any CPU
		{78BD8B86-298A-4094-8B20-91FAC6B9AC53}.Release|x64.ActiveCfg = Release|Any CPU
		{78BD8B86-298A-4094-8B20-91FAC6B9AC53}.Release|x64.Build.0 = Release|Any CPU
		{78BD8B86-298A-4094-8B20-91FAC6B9AC53}.Release|x86.ActiveCfg = Release|Any CPU
		{78BD8B86-298A-4094-8B20-91FAC6B9AC53}.Release|x86.Build.0 = Release|Any CPU
		{B3684F8D-A6C0-46EF-8777-C42550F4FC62}.Debug|Any CPU.ActiveCfg = Debug|Any CPU
		{B3684F8D-A6C0-46EF-8777-C42550F4FC62}.Debug|Any CPU.Build.0 = Debug|Any CPU
		{B3684F8D-A6C0-46EF-8777-C42550F4FC62}.Debug|x64.ActiveCfg = Debug|Any CPU
		{B3684F8D-A6C0-46EF-8777-C42550F4FC62}.Debug|x64.Build.0 = Debug|Any CPU
		{B3684F8D-A6C0-46EF-8777-C42550F4FC62}.Debug|x86.ActiveCfg = Debug|Any CPU
		{B3684F8D-A6C0-46EF-8777-C42550F4FC62}.Debug|x86.Build.0 = Debug|Any CPU
		{B3684F8D-A6C0-46EF-8777-C42550F4FC62}.Release|Any CPU.ActiveCfg = Release|Any CPU
		{B3684F8D-A6C0-46EF-8777-C42550F4FC62}.Release|Any CPU.Build.0 = Release|Any CPU
		{B3684F8D-A6C0-46EF-8777-C42550F4FC62}.Release|x64.ActiveCfg = Release|Any CPU
		{B3684F8D-A6C0-46EF-8777-C42550F4FC62}.Release|x64.Build.0 = Release|Any CPU
		{B3684F8D-A6C0-46EF-8777-C42550F4FC62}.Release|x86.ActiveCfg = Release|Any CPU
		{B3684F8D-A6C0-46EF-8777-C42550F4FC62}.Release|x86.Build.0 = Release|Any CPU
		{5161DA78-19FB-4F61-9097-42C6D8C1C32A}.Debug|Any CPU.ActiveCfg = Debug|Any CPU
		{5161DA78-19FB-4F61-9097-42C6D8C1C32A}.Debug|Any CPU.Build.0 = Debug|Any CPU
		{5161DA78-19FB-4F61-9097-42C6D8C1C32A}.Debug|x64.ActiveCfg = Debug|Any CPU
		{5161DA78-19FB-4F61-9097-42C6D8C1C32A}.Debug|x64.Build.0 = Debug|Any CPU
		{5161DA78-19FB-4F61-9097-42C6D8C1C32A}.Debug|x86.ActiveCfg = Debug|Any CPU
		{5161DA78-19FB-4F61-9097-42C6D8C1C32A}.Debug|x86.Build.0 = Debug|Any CPU
		{5161DA78-19FB-4F61-9097-42C6D8C1C32A}.Release|Any CPU.ActiveCfg = Release|Any CPU
		{5161DA78-19FB-4F61-9097-42C6D8C1C32A}.Release|Any CPU.Build.0 = Release|Any CPU
		{5161DA78-19FB-4F61-9097-42C6D8C1C32A}.Release|x64.ActiveCfg = Release|Any CPU
		{5161DA78-19FB-4F61-9097-42C6D8C1C32A}.Release|x64.Build.0 = Release|Any CPU
		{5161DA78-19FB-4F61-9097-42C6D8C1C32A}.Release|x86.ActiveCfg = Release|Any CPU
		{5161DA78-19FB-4F61-9097-42C6D8C1C32A}.Release|x86.Build.0 = Release|Any CPU
		{FC0C5DA8-1C3A-47F9-A498-9555BDC4376D}.Debug|Any CPU.ActiveCfg = Debug|Any CPU
		{FC0C5DA8-1C3A-47F9-A498-9555BDC4376D}.Debug|Any CPU.Build.0 = Debug|Any CPU
		{FC0C5DA8-1C3A-47F9-A498-9555BDC4376D}.Debug|x64.ActiveCfg = Debug|Any CPU
		{FC0C5DA8-1C3A-47F9-A498-9555BDC4376D}.Debug|x64.Build.0 = Debug|Any CPU
		{FC0C5DA8-1C3A-47F9-A498-9555BDC4376D}.Debug|x86.ActiveCfg = Debug|Any CPU
		{FC0C5DA8-1C3A-47F9-A498-9555BDC4376D}.Debug|x86.Build.0 = Debug|Any CPU
		{FC0C5DA8-1C3A-47F9-A498-9555BDC4376D}.Release|Any CPU.ActiveCfg = Release|Any CPU
		{FC0C5DA8-1C3A-47F9-A498-9555BDC4376D}.Release|Any CPU.Build.0 = Release|Any CPU
		{FC0C5DA8-1C3A-47F9-A498-9555BDC4376D}.Release|x64.ActiveCfg = Release|Any CPU
		{FC0C5DA8-1C3A-47F9-A498-9555BDC4376D}.Release|x64.Build.0 = Release|Any CPU
		{FC0C5DA8-1C3A-47F9-A498-9555BDC4376D}.Release|x86.ActiveCfg = Release|Any CPU
		{FC0C5DA8-1C3A-47F9-A498-9555BDC4376D}.Release|x86.Build.0 = Release|Any CPU
		{7342FD28-805F-4301-86F3-37999B1EF055}.Debug|Any CPU.ActiveCfg = Debug|Any CPU
		{7342FD28-805F-4301-86F3-37999B1EF055}.Debug|Any CPU.Build.0 = Debug|Any CPU
		{7342FD28-805F-4301-86F3-37999B1EF055}.Debug|x64.ActiveCfg = Debug|Any CPU
		{7342FD28-805F-4301-86F3-37999B1EF055}.Debug|x64.Build.0 = Debug|Any CPU
		{7342FD28-805F-4301-86F3-37999B1EF055}.Debug|x86.ActiveCfg = Debug|Any CPU
		{7342FD28-805F-4301-86F3-37999B1EF055}.Debug|x86.Build.0 = Debug|Any CPU
		{7342FD28-805F-4301-86F3-37999B1EF055}.Release|Any CPU.ActiveCfg = Release|Any CPU
		{7342FD28-805F-4301-86F3-37999B1EF055}.Release|Any CPU.Build.0 = Release|Any CPU
		{7342FD28-805F-4301-86F3-37999B1EF055}.Release|x64.ActiveCfg = Release|Any CPU
		{7342FD28-805F-4301-86F3-37999B1EF055}.Release|x64.Build.0 = Release|Any CPU
		{7342FD28-805F-4301-86F3-37999B1EF055}.Release|x86.ActiveCfg = Release|Any CPU
		{7342FD28-805F-4301-86F3-37999B1EF055}.Release|x86.Build.0 = Release|Any CPU
		{A295F6BD-82EA-452B-9D53-69B4FA3A29E1}.Debug|Any CPU.ActiveCfg = Debug|Any CPU
		{A295F6BD-82EA-452B-9D53-69B4FA3A29E1}.Debug|Any CPU.Build.0 = Debug|Any CPU
		{A295F6BD-82EA-452B-9D53-69B4FA3A29E1}.Debug|x64.ActiveCfg = Debug|Any CPU
		{A295F6BD-82EA-452B-9D53-69B4FA3A29E1}.Debug|x64.Build.0 = Debug|Any CPU
		{A295F6BD-82EA-452B-9D53-69B4FA3A29E1}.Debug|x86.ActiveCfg = Debug|Any CPU
		{A295F6BD-82EA-452B-9D53-69B4FA3A29E1}.Debug|x86.Build.0 = Debug|Any CPU
		{A295F6BD-82EA-452B-9D53-69B4FA3A29E1}.Release|Any CPU.ActiveCfg = Release|Any CPU
		{A295F6BD-82EA-452B-9D53-69B4FA3A29E1}.Release|Any CPU.Build.0 = Release|Any CPU
		{A295F6BD-82EA-452B-9D53-69B4FA3A29E1}.Release|x64.ActiveCfg = Release|Any CPU
		{A295F6BD-82EA-452B-9D53-69B4FA3A29E1}.Release|x64.Build.0 = Release|Any CPU
		{A295F6BD-82EA-452B-9D53-69B4FA3A29E1}.Release|x86.ActiveCfg = Release|Any CPU
		{A295F6BD-82EA-452B-9D53-69B4FA3A29E1}.Release|x86.Build.0 = Release|Any CPU
		{687357BB-B8D2-43CD-9EDA-646662A4799A}.Debug|Any CPU.ActiveCfg = Debug|Any CPU
		{687357BB-B8D2-43CD-9EDA-646662A4799A}.Debug|Any CPU.Build.0 = Debug|Any CPU
		{687357BB-B8D2-43CD-9EDA-646662A4799A}.Debug|x64.ActiveCfg = Debug|Any CPU
		{687357BB-B8D2-43CD-9EDA-646662A4799A}.Debug|x64.Build.0 = Debug|Any CPU
		{687357BB-B8D2-43CD-9EDA-646662A4799A}.Debug|x86.ActiveCfg = Debug|Any CPU
		{687357BB-B8D2-43CD-9EDA-646662A4799A}.Debug|x86.Build.0 = Debug|Any CPU
		{687357BB-B8D2-43CD-9EDA-646662A4799A}.Release|Any CPU.ActiveCfg = Release|Any CPU
		{687357BB-B8D2-43CD-9EDA-646662A4799A}.Release|Any CPU.Build.0 = Release|Any CPU
		{687357BB-B8D2-43CD-9EDA-646662A4799A}.Release|x64.ActiveCfg = Release|Any CPU
		{687357BB-B8D2-43CD-9EDA-646662A4799A}.Release|x64.Build.0 = Release|Any CPU
		{687357BB-B8D2-43CD-9EDA-646662A4799A}.Release|x86.ActiveCfg = Release|Any CPU
		{687357BB-B8D2-43CD-9EDA-646662A4799A}.Release|x86.Build.0 = Release|Any CPU
		{2D2C669A-34A0-468B-9E53-63D51F42B3BC}.Debug|Any CPU.ActiveCfg = Debug|Any CPU
		{2D2C669A-34A0-468B-9E53-63D51F42B3BC}.Debug|Any CPU.Build.0 = Debug|Any CPU
		{2D2C669A-34A0-468B-9E53-63D51F42B3BC}.Debug|x64.ActiveCfg = Debug|Any CPU
		{2D2C669A-34A0-468B-9E53-63D51F42B3BC}.Debug|x64.Build.0 = Debug|Any CPU
		{2D2C669A-34A0-468B-9E53-63D51F42B3BC}.Debug|x86.ActiveCfg = Debug|Any CPU
		{2D2C669A-34A0-468B-9E53-63D51F42B3BC}.Debug|x86.Build.0 = Debug|Any CPU
		{2D2C669A-34A0-468B-9E53-63D51F42B3BC}.Release|Any CPU.ActiveCfg = Release|Any CPU
		{2D2C669A-34A0-468B-9E53-63D51F42B3BC}.Release|Any CPU.Build.0 = Release|Any CPU
		{2D2C669A-34A0-468B-9E53-63D51F42B3BC}.Release|x64.ActiveCfg = Release|Any CPU
		{2D2C669A-34A0-468B-9E53-63D51F42B3BC}.Release|x64.Build.0 = Release|Any CPU
		{2D2C669A-34A0-468B-9E53-63D51F42B3BC}.Release|x86.ActiveCfg = Release|Any CPU
		{2D2C669A-34A0-468B-9E53-63D51F42B3BC}.Release|x86.Build.0 = Release|Any CPU
		{56B0CB56-F3FF-4C83-BF0D-20E3919D0588}.Debug|Any CPU.ActiveCfg = Debug|Any CPU
		{56B0CB56-F3FF-4C83-BF0D-20E3919D0588}.Debug|Any CPU.Build.0 = Debug|Any CPU
		{56B0CB56-F3FF-4C83-BF0D-20E3919D0588}.Debug|x64.ActiveCfg = Debug|Any CPU
		{56B0CB56-F3FF-4C83-BF0D-20E3919D0588}.Debug|x64.Build.0 = Debug|Any CPU
		{56B0CB56-F3FF-4C83-BF0D-20E3919D0588}.Debug|x86.ActiveCfg = Debug|Any CPU
		{56B0CB56-F3FF-4C83-BF0D-20E3919D0588}.Debug|x86.Build.0 = Debug|Any CPU
		{56B0CB56-F3FF-4C83-BF0D-20E3919D0588}.Release|Any CPU.ActiveCfg = Release|Any CPU
		{56B0CB56-F3FF-4C83-BF0D-20E3919D0588}.Release|Any CPU.Build.0 = Release|Any CPU
		{56B0CB56-F3FF-4C83-BF0D-20E3919D0588}.Release|x64.ActiveCfg = Release|Any CPU
		{56B0CB56-F3FF-4C83-BF0D-20E3919D0588}.Release|x64.Build.0 = Release|Any CPU
		{56B0CB56-F3FF-4C83-BF0D-20E3919D0588}.Release|x86.ActiveCfg = Release|Any CPU
		{56B0CB56-F3FF-4C83-BF0D-20E3919D0588}.Release|x86.Build.0 = Release|Any CPU
		{CD1DB3CC-BAA7-4AC8-81F8-1A762CE045EF}.Debug|Any CPU.ActiveCfg = Debug|Any CPU
		{CD1DB3CC-BAA7-4AC8-81F8-1A762CE045EF}.Debug|Any CPU.Build.0 = Debug|Any CPU
		{CD1DB3CC-BAA7-4AC8-81F8-1A762CE045EF}.Debug|x64.ActiveCfg = Debug|Any CPU
		{CD1DB3CC-BAA7-4AC8-81F8-1A762CE045EF}.Debug|x64.Build.0 = Debug|Any CPU
		{CD1DB3CC-BAA7-4AC8-81F8-1A762CE045EF}.Debug|x86.ActiveCfg = Debug|Any CPU
		{CD1DB3CC-BAA7-4AC8-81F8-1A762CE045EF}.Debug|x86.Build.0 = Debug|Any CPU
		{CD1DB3CC-BAA7-4AC8-81F8-1A762CE045EF}.Release|Any CPU.ActiveCfg = Release|Any CPU
		{CD1DB3CC-BAA7-4AC8-81F8-1A762CE045EF}.Release|Any CPU.Build.0 = Release|Any CPU
		{CD1DB3CC-BAA7-4AC8-81F8-1A762CE045EF}.Release|x64.ActiveCfg = Release|Any CPU
		{CD1DB3CC-BAA7-4AC8-81F8-1A762CE045EF}.Release|x64.Build.0 = Release|Any CPU
		{CD1DB3CC-BAA7-4AC8-81F8-1A762CE045EF}.Release|x86.ActiveCfg = Release|Any CPU
		{CD1DB3CC-BAA7-4AC8-81F8-1A762CE045EF}.Release|x86.Build.0 = Release|Any CPU
		{680C066E-6FF5-489F-8197-EB96D852422D}.Debug|Any CPU.ActiveCfg = Debug|Any CPU
		{680C066E-6FF5-489F-8197-EB96D852422D}.Debug|Any CPU.Build.0 = Debug|Any CPU
		{680C066E-6FF5-489F-8197-EB96D852422D}.Debug|x64.ActiveCfg = Debug|Any CPU
		{680C066E-6FF5-489F-8197-EB96D852422D}.Debug|x64.Build.0 = Debug|Any CPU
		{680C066E-6FF5-489F-8197-EB96D852422D}.Debug|x86.ActiveCfg = Debug|Any CPU
		{680C066E-6FF5-489F-8197-EB96D852422D}.Debug|x86.Build.0 = Debug|Any CPU
		{680C066E-6FF5-489F-8197-EB96D852422D}.Release|Any CPU.ActiveCfg = Release|Any CPU
		{680C066E-6FF5-489F-8197-EB96D852422D}.Release|Any CPU.Build.0 = Release|Any CPU
		{680C066E-6FF5-489F-8197-EB96D852422D}.Release|x64.ActiveCfg = Release|Any CPU
		{680C066E-6FF5-489F-8197-EB96D852422D}.Release|x64.Build.0 = Release|Any CPU
		{680C066E-6FF5-489F-8197-EB96D852422D}.Release|x86.ActiveCfg = Release|Any CPU
		{680C066E-6FF5-489F-8197-EB96D852422D}.Release|x86.Build.0 = Release|Any CPU
		{D126E352-72F5-4F61-9AE0-09000D3C99F1}.Debug|Any CPU.ActiveCfg = Debug|Any CPU
		{D126E352-72F5-4F61-9AE0-09000D3C99F1}.Debug|Any CPU.Build.0 = Debug|Any CPU
		{D126E352-72F5-4F61-9AE0-09000D3C99F1}.Debug|x64.ActiveCfg = Debug|Any CPU
		{D126E352-72F5-4F61-9AE0-09000D3C99F1}.Debug|x64.Build.0 = Debug|Any CPU
		{D126E352-72F5-4F61-9AE0-09000D3C99F1}.Debug|x86.ActiveCfg = Debug|Any CPU
		{D126E352-72F5-4F61-9AE0-09000D3C99F1}.Debug|x86.Build.0 = Debug|Any CPU
		{D126E352-72F5-4F61-9AE0-09000D3C99F1}.Release|Any CPU.ActiveCfg = Release|Any CPU
		{D126E352-72F5-4F61-9AE0-09000D3C99F1}.Release|Any CPU.Build.0 = Release|Any CPU
		{D126E352-72F5-4F61-9AE0-09000D3C99F1}.Release|x64.ActiveCfg = Release|Any CPU
		{D126E352-72F5-4F61-9AE0-09000D3C99F1}.Release|x64.Build.0 = Release|Any CPU
		{D126E352-72F5-4F61-9AE0-09000D3C99F1}.Release|x86.ActiveCfg = Release|Any CPU
		{D126E352-72F5-4F61-9AE0-09000D3C99F1}.Release|x86.Build.0 = Release|Any CPU
		{15F116B7-4A5B-4FAD-B6D1-9717A018A62D}.Debug|Any CPU.ActiveCfg = Debug|Any CPU
		{15F116B7-4A5B-4FAD-B6D1-9717A018A62D}.Debug|Any CPU.Build.0 = Debug|Any CPU
		{15F116B7-4A5B-4FAD-B6D1-9717A018A62D}.Debug|x64.ActiveCfg = Debug|Any CPU
		{15F116B7-4A5B-4FAD-B6D1-9717A018A62D}.Debug|x64.Build.0 = Debug|Any CPU
		{15F116B7-4A5B-4FAD-B6D1-9717A018A62D}.Debug|x86.ActiveCfg = Debug|Any CPU
		{15F116B7-4A5B-4FAD-B6D1-9717A018A62D}.Debug|x86.Build.0 = Debug|Any CPU
		{15F116B7-4A5B-4FAD-B6D1-9717A018A62D}.Release|Any CPU.ActiveCfg = Release|Any CPU
		{15F116B7-4A5B-4FAD-B6D1-9717A018A62D}.Release|Any CPU.Build.0 = Release|Any CPU
		{15F116B7-4A5B-4FAD-B6D1-9717A018A62D}.Release|x64.ActiveCfg = Release|Any CPU
		{15F116B7-4A5B-4FAD-B6D1-9717A018A62D}.Release|x64.Build.0 = Release|Any CPU
		{15F116B7-4A5B-4FAD-B6D1-9717A018A62D}.Release|x86.ActiveCfg = Release|Any CPU
		{15F116B7-4A5B-4FAD-B6D1-9717A018A62D}.Release|x86.Build.0 = Release|Any CPU
	EndGlobalSection
	GlobalSection(SolutionProperties) = preSolution
		HideSolutionNode = FALSE
	EndGlobalSection
	GlobalSection(ExtensibilityGlobals) = postSolution
		SolutionGuid = {C40E55A2-0B47-4F84-970E-68E237F3AEA0}
	EndGlobalSection
EndGlobal
